// !$*UTF8*$!
{
	archiveVersion = 1;
	classes = {
	};
	objectVersion = 46;
	objects = {

/* Begin PBXBuildFile section */
		7BA8B2EE1D5C5A230015471D /* AppDelegate.swift in Sources */ = {isa = PBXBuildFile; fileRef = 7BA8B2ED1D5C5A230015471D /* AppDelegate.swift */; };
		7BA8B2F01D5C5A230015471D /* ViewController.swift in Sources */ = {isa = PBXBuildFile; fileRef = 7BA8B2EF1D5C5A230015471D /* ViewController.swift */; };
		7BA8B2F31D5C5A230015471D /* Main.storyboard in Resources */ = {isa = PBXBuildFile; fileRef = 7BA8B2F11D5C5A230015471D /* Main.storyboard */; };
		7BA8B2F51D5C5A230015471D /* Assets.xcassets in Resources */ = {isa = PBXBuildFile; fileRef = 7BA8B2F41D5C5A230015471D /* Assets.xcassets */; };
		7BA8B2F81D5C5A230015471D /* LaunchScreen.storyboard in Resources */ = {isa = PBXBuildFile; fileRef = 7BA8B2F61D5C5A230015471D /* LaunchScreen.storyboard */; };
		7BA8B3031D5C5A230015471D /* GroupItTests.swift in Sources */ = {isa = PBXBuildFile; fileRef = 7BA8B3021D5C5A230015471D /* GroupItTests.swift */; };
		7BA8B30E1D5C5A240015471D /* GroupItUITests.swift in Sources */ = {isa = PBXBuildFile; fileRef = 7BA8B30D1D5C5A240015471D /* GroupItUITests.swift */; };
/* End PBXBuildFile section */

/* Begin PBXContainerItemProxy section */
		7BA8B2FF1D5C5A230015471D /* PBXContainerItemProxy */ = {
			isa = PBXContainerItemProxy;
			containerPortal = 7BA8B2E21D5C5A230015471D /* Project object */;
			proxyType = 1;
			remoteGlobalIDString = 7BA8B2E91D5C5A230015471D;
			remoteInfo = GroupIt;
		};
		7BA8B30A1D5C5A240015471D /* PBXContainerItemProxy */ = {
			isa = PBXContainerItemProxy;
			containerPortal = 7BA8B2E21D5C5A230015471D /* Project object */;
			proxyType = 1;
			remoteGlobalIDString = 7BA8B2E91D5C5A230015471D;
			remoteInfo = GroupIt;
		};
/* End PBXContainerItemProxy section */

/* Begin PBXFileReference section */
		7BA8B2EA1D5C5A230015471D /* GroupIt.app */ = {isa = PBXFileReference; explicitFileType = wrapper.application; includeInIndex = 0; path = GroupIt.app; sourceTree = BUILT_PRODUCTS_DIR; };
		7BA8B2ED1D5C5A230015471D /* AppDelegate.swift */ = {isa = PBXFileReference; lastKnownFileType = sourcecode.swift; path = AppDelegate.swift; sourceTree = "<group>"; };
		7BA8B2EF1D5C5A230015471D /* ViewController.swift */ = {isa = PBXFileReference; lastKnownFileType = sourcecode.swift; path = ViewController.swift; sourceTree = "<group>"; };
		7BA8B2F21D5C5A230015471D /* Base */ = {isa = PBXFileReference; lastKnownFileType = file.storyboard; name = Base; path = Base.lproj/Main.storyboard; sourceTree = "<group>"; };
		7BA8B2F41D5C5A230015471D /* Assets.xcassets */ = {isa = PBXFileReference; lastKnownFileType = folder.assetcatalog; path = Assets.xcassets; sourceTree = "<group>"; };
		7BA8B2F71D5C5A230015471D /* Base */ = {isa = PBXFileReference; lastKnownFileType = file.storyboard; name = Base; path = Base.lproj/LaunchScreen.storyboard; sourceTree = "<group>"; };
		7BA8B2F91D5C5A230015471D /* Info.plist */ = {isa = PBXFileReference; lastKnownFileType = text.plist.xml; path = Info.plist; sourceTree = "<group>"; };
		7BA8B2FE1D5C5A230015471D /* GroupItTests.xctest */ = {isa = PBXFileReference; explicitFileType = wrapper.cfbundle; includeInIndex = 0; path = GroupItTests.xctest; sourceTree = BUILT_PRODUCTS_DIR; };
		7BA8B3021D5C5A230015471D /* GroupItTests.swift */ = {isa = PBXFileReference; lastKnownFileType = sourcecode.swift; path = GroupItTests.swift; sourceTree = "<group>"; };
		7BA8B3041D5C5A230015471D /* Info.plist */ = {isa = PBXFileReference; lastKnownFileType = text.plist.xml; path = Info.plist; sourceTree = "<group>"; };
		7BA8B3091D5C5A230015471D /* GroupItUITests.xctest */ = {isa = PBXFileReference; explicitFileType = wrapper.cfbundle; includeInIndex = 0; path = GroupItUITests.xctest; sourceTree = BUILT_PRODUCTS_DIR; };
		7BA8B30D1D5C5A240015471D /* GroupItUITests.swift */ = {isa = PBXFileReference; lastKnownFileType = sourcecode.swift; path = GroupItUITests.swift; sourceTree = "<group>"; };
		7BA8B30F1D5C5A240015471D /* Info.plist */ = {isa = PBXFileReference; lastKnownFileType = text.plist.xml; path = Info.plist; sourceTree = "<group>"; };
/* End PBXFileReference section */

/* Begin PBXFrameworksBuildPhase section */
		7BA8B2E71D5C5A230015471D /* Frameworks */ = {
			isa = PBXFrameworksBuildPhase;
			buildActionMask = 2147483647;
			files = (
			);
			runOnlyForDeploymentPostprocessing = 0;
		};
		7BA8B2FB1D5C5A230015471D /* Frameworks */ = {
			isa = PBXFrameworksBuildPhase;
			buildActionMask = 2147483647;
			files = (
			);
			runOnlyForDeploymentPostprocessing = 0;
		};
		7BA8B3061D5C5A230015471D /* Frameworks */ = {
			isa = PBXFrameworksBuildPhase;
			buildActionMask = 2147483647;
			files = (
			);
			runOnlyForDeploymentPostprocessing = 0;
		};
/* End PBXFrameworksBuildPhase section */

/* Begin PBXGroup section */
		7BA8B2E11D5C5A230015471D = {
			isa = PBXGroup;
			children = (
				7BA8B2EC1D5C5A230015471D /* GroupIt */,
				7BA8B3011D5C5A230015471D /* GroupItTests */,
				7BA8B30C1D5C5A240015471D /* GroupItUITests */,
				7BA8B2EB1D5C5A230015471D /* Products */,
			);
			sourceTree = "<group>";
		};
		7BA8B2EB1D5C5A230015471D /* Products */ = {
			isa = PBXGroup;
			children = (
				7BA8B2EA1D5C5A230015471D /* GroupIt.app */,
				7BA8B2FE1D5C5A230015471D /* GroupItTests.xctest */,
				7BA8B3091D5C5A230015471D /* GroupItUITests.xctest */,
			);
			name = Products;
			sourceTree = "<group>";
		};
		7BA8B2EC1D5C5A230015471D /* GroupIt */ = {
			isa = PBXGroup;
			children = (
				7BA8B2ED1D5C5A230015471D /* AppDelegate.swift */,
				7BA8B2EF1D5C5A230015471D /* ViewController.swift */,
				7BA8B2F11D5C5A230015471D /* Main.storyboard */,
				7BA8B2F41D5C5A230015471D /* Assets.xcassets */,
				7BA8B2F61D5C5A230015471D /* LaunchScreen.storyboard */,
				7BA8B2F91D5C5A230015471D /* Info.plist */,
			);
			path = GroupIt;
			sourceTree = "<group>";
		};
		7BA8B3011D5C5A230015471D /* GroupItTests */ = {
			isa = PBXGroup;
			children = (
				7BA8B3021D5C5A230015471D /* GroupItTests.swift */,
				7BA8B3041D5C5A230015471D /* Info.plist */,
			);
			path = GroupItTests;
			sourceTree = "<group>";
		};
		7BA8B30C1D5C5A240015471D /* GroupItUITests */ = {
			isa = PBXGroup;
			children = (
				7BA8B30D1D5C5A240015471D /* GroupItUITests.swift */,
				7BA8B30F1D5C5A240015471D /* Info.plist */,
			);
			path = GroupItUITests;
			sourceTree = "<group>";
		};
/* End PBXGroup section */

/* Begin PBXNativeTarget section */
		7BA8B2E91D5C5A230015471D /* GroupIt */ = {
			isa = PBXNativeTarget;
			buildConfigurationList = 7BA8B3121D5C5A240015471D /* Build configuration list for PBXNativeTarget "GroupIt" */;
			buildPhases = (
				7BA8B2E61D5C5A230015471D /* Sources */,
				7BA8B2E71D5C5A230015471D /* Frameworks */,
				7BA8B2E81D5C5A230015471D /* Resources */,
			);
			buildRules = (
			);
			dependencies = (
			);
			name = GroupIt;
			productName = GroupIt;
			productReference = 7BA8B2EA1D5C5A230015471D /* GroupIt.app */;
			productType = "com.apple.product-type.application";
		};
		7BA8B2FD1D5C5A230015471D /* GroupItTests */ = {
			isa = PBXNativeTarget;
			buildConfigurationList = 7BA8B3151D5C5A240015471D /* Build configuration list for PBXNativeTarget "GroupItTests" */;
			buildPhases = (
				7BA8B2FA1D5C5A230015471D /* Sources */,
				7BA8B2FB1D5C5A230015471D /* Frameworks */,
				7BA8B2FC1D5C5A230015471D /* Resources */,
			);
			buildRules = (
			);
			dependencies = (
				7BA8B3001D5C5A230015471D /* PBXTargetDependency */,
			);
			name = GroupItTests;
			productName = GroupItTests;
			productReference = 7BA8B2FE1D5C5A230015471D /* GroupItTests.xctest */;
			productType = "com.apple.product-type.bundle.unit-test";
		};
		7BA8B3081D5C5A230015471D /* GroupItUITests */ = {
			isa = PBXNativeTarget;
			buildConfigurationList = 7BA8B3181D5C5A240015471D /* Build configuration list for PBXNativeTarget "GroupItUITests" */;
			buildPhases = (
				7BA8B3051D5C5A230015471D /* Sources */,
				7BA8B3061D5C5A230015471D /* Frameworks */,
				7BA8B3071D5C5A230015471D /* Resources */,
			);
			buildRules = (
			);
			dependencies = (
				7BA8B30B1D5C5A240015471D /* PBXTargetDependency */,
			);
			name = GroupItUITests;
			productName = GroupItUITests;
			productReference = 7BA8B3091D5C5A230015471D /* GroupItUITests.xctest */;
			productType = "com.apple.product-type.bundle.ui-testing";
		};
/* End PBXNativeTarget section */

/* Begin PBXProject section */
		7BA8B2E21D5C5A230015471D /* Project object */ = {
			isa = PBXProject;
			attributes = {
				LastSwiftUpdateCheck = 0730;
				LastUpgradeCheck = 0730;
				ORGANIZATIONNAME = "iOS Group 5";
				TargetAttributes = {
					7BA8B2E91D5C5A230015471D = {
						CreatedOnToolsVersion = 7.3.1;
					};
					7BA8B2FD1D5C5A230015471D = {
						CreatedOnToolsVersion = 7.3.1;
						TestTargetID = 7BA8B2E91D5C5A230015471D;
					};
					7BA8B3081D5C5A230015471D = {
						CreatedOnToolsVersion = 7.3.1;
						TestTargetID = 7BA8B2E91D5C5A230015471D;
					};
				};
			};
			buildConfigurationList = 7BA8B2E51D5C5A230015471D /* Build configuration list for PBXProject "GroupIt" */;
			compatibilityVersion = "Xcode 3.2";
			developmentRegion = English;
			hasScannedForEncodings = 0;
			knownRegions = (
				en,
				Base,
			);
			mainGroup = 7BA8B2E11D5C5A230015471D;
			productRefGroup = 7BA8B2EB1D5C5A230015471D /* Products */;
			projectDirPath = "";
			projectRoot = "";
			targets = (
				7BA8B2E91D5C5A230015471D /* GroupIt */,
				7BA8B2FD1D5C5A230015471D /* GroupItTests */,
				7BA8B3081D5C5A230015471D /* GroupItUITests */,
			);
		};
/* End PBXProject section */

/* Begin PBXResourcesBuildPhase section */
		7BA8B2E81D5C5A230015471D /* Resources */ = {
			isa = PBXResourcesBuildPhase;
			buildActionMask = 2147483647;
			files = (
				7BA8B2F81D5C5A230015471D /* LaunchScreen.storyboard in Resources */,
				7BA8B2F51D5C5A230015471D /* Assets.xcassets in Resources */,
				7BA8B2F31D5C5A230015471D /* Main.storyboard in Resources */,
			);
			runOnlyForDeploymentPostprocessing = 0;
		};
		7BA8B2FC1D5C5A230015471D /* Resources */ = {
			isa = PBXResourcesBuildPhase;
			buildActionMask = 2147483647;
			files = (
			);
			runOnlyForDeploymentPostprocessing = 0;
		};
		7BA8B3071D5C5A230015471D /* Resources */ = {
			isa = PBXResourcesBuildPhase;
			buildActionMask = 2147483647;
			files = (
			);
			runOnlyForDeploymentPostprocessing = 0;
		};
/* End PBXResourcesBuildPhase section */

/* Begin PBXSourcesBuildPhase section */
		7BA8B2E61D5C5A230015471D /* Sources */ = {
			isa = PBXSourcesBuildPhase;
			buildActionMask = 2147483647;
			files = (
				7BA8B2F01D5C5A230015471D /* ViewController.swift in Sources */,
				7BA8B2EE1D5C5A230015471D /* AppDelegate.swift in Sources */,
			);
			runOnlyForDeploymentPostprocessing = 0;
		};
		7BA8B2FA1D5C5A230015471D /* Sources */ = {
			isa = PBXSourcesBuildPhase;
			buildActionMask = 2147483647;
			files = (
				7BA8B3031D5C5A230015471D /* GroupItTests.swift in Sources */,
			);
			runOnlyForDeploymentPostprocessing = 0;
		};
		7BA8B3051D5C5A230015471D /* Sources */ = {
			isa = PBXSourcesBuildPhase;
			buildActionMask = 2147483647;
			files = (
				7BA8B30E1D5C5A240015471D /* GroupItUITests.swift in Sources */,
			);
			runOnlyForDeploymentPostprocessing = 0;
		};
/* End PBXSourcesBuildPhase section */

/* Begin PBXTargetDependency section */
		7BA8B3001D5C5A230015471D /* PBXTargetDependency */ = {
			isa = PBXTargetDependency;
			target = 7BA8B2E91D5C5A230015471D /* GroupIt */;
			targetProxy = 7BA8B2FF1D5C5A230015471D /* PBXContainerItemProxy */;
		};
		7BA8B30B1D5C5A240015471D /* PBXTargetDependency */ = {
			isa = PBXTargetDependency;
			target = 7BA8B2E91D5C5A230015471D /* GroupIt */;
			targetProxy = 7BA8B30A1D5C5A240015471D /* PBXContainerItemProxy */;
		};
/* End PBXTargetDependency section */

/* Begin PBXVariantGroup section */
		7BA8B2F11D5C5A230015471D /* Main.storyboard */ = {
			isa = PBXVariantGroup;
			children = (
				7BA8B2F21D5C5A230015471D /* Base */,
			);
			name = Main.storyboard;
			sourceTree = "<group>";
		};
		7BA8B2F61D5C5A230015471D /* LaunchScreen.storyboard */ = {
			isa = PBXVariantGroup;
			children = (
				7BA8B2F71D5C5A230015471D /* Base */,
			);
			name = LaunchScreen.storyboard;
			sourceTree = "<group>";
		};
/* End PBXVariantGroup section */

/* Begin XCBuildConfiguration section */
		7BA8B3101D5C5A240015471D /* Debug */ = {
			isa = XCBuildConfiguration;
			buildSettings = {
				ALWAYS_SEARCH_USER_PATHS = NO;
				CLANG_ANALYZER_NONNULL = YES;
				CLANG_CXX_LANGUAGE_STANDARD = "gnu++0x";
				CLANG_CXX_LIBRARY = "libc++";
				CLANG_ENABLE_MODULES = YES;
				CLANG_ENABLE_OBJC_ARC = YES;
				CLANG_WARN_BOOL_CONVERSION = YES;
				CLANG_WARN_CONSTANT_CONVERSION = YES;
				CLANG_WARN_DIRECT_OBJC_ISA_USAGE = YES_ERROR;
				CLANG_WARN_EMPTY_BODY = YES;
				CLANG_WARN_ENUM_CONVERSION = YES;
				CLANG_WARN_INT_CONVERSION = YES;
				CLANG_WARN_OBJC_ROOT_CLASS = YES_ERROR;
				CLANG_WARN_UNREACHABLE_CODE = YES;
				CLANG_WARN__DUPLICATE_METHOD_MATCH = YES;
				"CODE_SIGN_IDENTITY[sdk=iphoneos*]" = "iPhone Developer";
				COPY_PHASE_STRIP = NO;
				DEBUG_INFORMATION_FORMAT = dwarf;
				ENABLE_STRICT_OBJC_MSGSEND = YES;
				ENABLE_TESTABILITY = YES;
				GCC_C_LANGUAGE_STANDARD = gnu99;
				GCC_DYNAMIC_NO_PIC = NO;
				GCC_NO_COMMON_BLOCKS = YES;
				GCC_OPTIMIZATION_LEVEL = 0;
				GCC_PREPROCESSOR_DEFINITIONS = (
					"DEBUG=1",
					"$(inherited)",
				);
				GCC_WARN_64_TO_32_BIT_CONVERSION = YES;
				GCC_WARN_ABOUT_RETURN_TYPE = YES_ERROR;
				GCC_WARN_UNDECLARED_SELECTOR = YES;
				GCC_WARN_UNINITIALIZED_AUTOS = YES_AGGRESSIVE;
				GCC_WARN_UNUSED_FUNCTION = YES;
				GCC_WARN_UNUSED_VARIABLE = YES;
				IPHONEOS_DEPLOYMENT_TARGET = 9.3;
				MTL_ENABLE_DEBUG_INFO = YES;
				ONLY_ACTIVE_ARCH = YES;
				SDKROOT = iphoneos;
				SWIFT_OPTIMIZATION_LEVEL = "-Onone";
			};
			name = Debug;
		};
		7BA8B3111D5C5A240015471D /* Release */ = {
			isa = XCBuildConfiguration;
			buildSettings = {
				ALWAYS_SEARCH_USER_PATHS = NO;
				CLANG_ANALYZER_NONNULL = YES;
				CLANG_CXX_LANGUAGE_STANDARD = "gnu++0x";
				CLANG_CXX_LIBRARY = "libc++";
				CLANG_ENABLE_MODULES = YES;
				CLANG_ENABLE_OBJC_ARC = YES;
				CLANG_WARN_BOOL_CONVERSION = YES;
				CLANG_WARN_CONSTANT_CONVERSION = YES;
				CLANG_WARN_DIRECT_OBJC_ISA_USAGE = YES_ERROR;
				CLANG_WARN_EMPTY_BODY = YES;
				CLANG_WARN_ENUM_CONVERSION = YES;
				CLANG_WARN_INT_CONVERSION = YES;
				CLANG_WARN_OBJC_ROOT_CLASS = YES_ERROR;
				CLANG_WARN_UNREACHABLE_CODE = YES;
				CLANG_WARN__DUPLICATE_METHOD_MATCH = YES;
				"CODE_SIGN_IDENTITY[sdk=iphoneos*]" = "iPhone Developer";
				COPY_PHASE_STRIP = NO;
				DEBUG_INFORMATION_FORMAT = "dwarf-with-dsym";
				ENABLE_NS_ASSERTIONS = NO;
				ENABLE_STRICT_OBJC_MSGSEND = YES;
				GCC_C_LANGUAGE_STANDARD = gnu99;
				GCC_NO_COMMON_BLOCKS = YES;
				GCC_WARN_64_TO_32_BIT_CONVERSION = YES;
				GCC_WARN_ABOUT_RETURN_TYPE = YES_ERROR;
				GCC_WARN_UNDECLARED_SELECTOR = YES;
				GCC_WARN_UNINITIALIZED_AUTOS = YES_AGGRESSIVE;
				GCC_WARN_UNUSED_FUNCTION = YES;
				GCC_WARN_UNUSED_VARIABLE = YES;
				IPHONEOS_DEPLOYMENT_TARGET = 9.3;
				MTL_ENABLE_DEBUG_INFO = NO;
				SDKROOT = iphoneos;
				VALIDATE_PRODUCT = YES;
			};
			name = Release;
		};
		7BA8B3131D5C5A240015471D /* Debug */ = {
			isa = XCBuildConfiguration;
			buildSettings = {
				ASSETCATALOG_COMPILER_APPICON_NAME = AppIcon;
				INFOPLIST_FILE = GroupIt/Info.plist;
				LD_RUNPATH_SEARCH_PATHS = "$(inherited) @executable_path/Frameworks";
				PRODUCT_BUNDLE_IDENTIFIER = com.ios.group5.GroupIt;
				PRODUCT_NAME = "$(TARGET_NAME)";
			};
			name = Debug;
		};
		7BA8B3141D5C5A240015471D /* Release */ = {
			isa = XCBuildConfiguration;
			buildSettings = {
				ASSETCATALOG_COMPILER_APPICON_NAME = AppIcon;
				INFOPLIST_FILE = GroupIt/Info.plist;
				LD_RUNPATH_SEARCH_PATHS = "$(inherited) @executable_path/Frameworks";
				PRODUCT_BUNDLE_IDENTIFIER = com.ios.group5.GroupIt;
				PRODUCT_NAME = "$(TARGET_NAME)";
			};
			name = Release;
		};
		7BA8B3161D5C5A240015471D /* Debug */ = {
			isa = XCBuildConfiguration;
			buildSettings = {
				BUNDLE_LOADER = "$(TEST_HOST)";
				INFOPLIST_FILE = GroupItTests/Info.plist;
				LD_RUNPATH_SEARCH_PATHS = "$(inherited) @executable_path/Frameworks @loader_path/Frameworks";
				PRODUCT_BUNDLE_IDENTIFIER = com.ios.group5.GroupItTests;
				PRODUCT_NAME = "$(TARGET_NAME)";
				TEST_HOST = "$(BUILT_PRODUCTS_DIR)/GroupIt.app/GroupIt";
			};
			name = Debug;
		};
		7BA8B3171D5C5A240015471D /* Release */ = {
			isa = XCBuildConfiguration;
			buildSettings = {
				BUNDLE_LOADER = "$(TEST_HOST)";
				INFOPLIST_FILE = GroupItTests/Info.plist;
				LD_RUNPATH_SEARCH_PATHS = "$(inherited) @executable_path/Frameworks @loader_path/Frameworks";
				PRODUCT_BUNDLE_IDENTIFIER = com.ios.group5.GroupItTests;
				PRODUCT_NAME = "$(TARGET_NAME)";
				TEST_HOST = "$(BUILT_PRODUCTS_DIR)/GroupIt.app/GroupIt";
			};
			name = Release;
		};
		7BA8B3191D5C5A240015471D /* Debug */ = {
			isa = XCBuildConfiguration;
			buildSettings = {
				INFOPLIST_FILE = GroupItUITests/Info.plist;
				LD_RUNPATH_SEARCH_PATHS = "$(inherited) @executable_path/Frameworks @loader_path/Frameworks";
				PRODUCT_BUNDLE_IDENTIFIER = com.ios.group5.GroupItUITests;
				PRODUCT_NAME = "$(TARGET_NAME)";
				TEST_TARGET_NAME = GroupIt;
			};
			name = Debug;
		};
		7BA8B31A1D5C5A240015471D /* Release */ = {
			isa = XCBuildConfiguration;
			buildSettings = {
				INFOPLIST_FILE = GroupItUITests/Info.plist;
				LD_RUNPATH_SEARCH_PATHS = "$(inherited) @executable_path/Frameworks @loader_path/Frameworks";
				PRODUCT_BUNDLE_IDENTIFIER = com.ios.group5.GroupItUITests;
				PRODUCT_NAME = "$(TARGET_NAME)";
				TEST_TARGET_NAME = GroupIt;
			};
			name = Release;
		};
/* End XCBuildConfiguration section */

/* Begin XCConfigurationList section */
		7BA8B2E51D5C5A230015471D /* Build configuration list for PBXProject "GroupIt" */ = {
			isa = XCConfigurationList;
			buildConfigurations = (
				7BA8B3101D5C5A240015471D /* Debug */,
				7BA8B3111D5C5A240015471D /* Release */,
			);
			defaultConfigurationIsVisible = 0;
			defaultConfigurationName = Release;
		};
		7BA8B3121D5C5A240015471D /* Build configuration list for PBXNativeTarget "GroupIt" */ = {
			isa = XCConfigurationList;
			buildConfigurations = (
				7BA8B3131D5C5A240015471D /* Debug */,
				7BA8B3141D5C5A240015471D /* Release */,
			);
			defaultConfigurationIsVisible = 0;
		};
		7BA8B3151D5C5A240015471D /* Build configuration list for PBXNativeTarget "GroupItTests" */ = {
			isa = XCConfigurationList;
			buildConfigurations = (
				7BA8B3161D5C5A240015471D /* Debug */,
				7BA8B3171D5C5A240015471D /* Release */,
			);
			defaultConfigurationIsVisible = 0;
		};
		7BA8B3181D5C5A240015471D /* Build configuration list for PBXNativeTarget "GroupItUITests" */ = {
			isa = XCConfigurationList;
			buildConfigurations = (
				7BA8B3191D5C5A240015471D /* Debug */,
				7BA8B31A1D5C5A240015471D /* Release */,
			);
			defaultConfigurationIsVisible = 0;
		};
/* End XCConfigurationList section */
	};
	rootObject = 7BA8B2E21D5C5A230015471D /* Project object */;
}
