// !$*UTF8*$!
{
	archiveVersion = 1;
	classes = {
	};
	objectVersion = 46;
	objects = {

/* Begin PBXBuildFile section */
		0524A0D61D62EAEE00B6E438 /* GroupsCell.swift in Sources */ = {isa = PBXBuildFile; fileRef = 0524A0D51D62EAEE00B6E438 /* GroupsCell.swift */; };
		053A67271D63F26A0042465A /* GroupManager.swift in Sources */ = {isa = PBXBuildFile; fileRef = 053A67261D63F26A0042465A /* GroupManager.swift */; };
		053A67291D63F4140042465A /* GroupMapper.swift in Sources */ = {isa = PBXBuildFile; fileRef = 053A67281D63F4140042465A /* GroupMapper.swift */; };
		053A672B1D63F59C0042465A /* GroupDataUtil.swift in Sources */ = {isa = PBXBuildFile; fileRef = 053A672A1D63F59C0042465A /* GroupDataUtil.swift */; };
		053A672D1D654A530042465A /* Default-568h@2x.png in Resources */ = {isa = PBXBuildFile; fileRef = 053A672C1D654A530042465A /* Default-568h@2x.png */; };
		05773FA61D6D25AD00E27ACE /* UserManager.swift in Sources */ = {isa = PBXBuildFile; fileRef = 05773FA51D6D25AD00E27ACE /* UserManager.swift */; };
		05773FA81D6D25DC00E27ACE /* UserDO.swift in Sources */ = {isa = PBXBuildFile; fileRef = 05773FA71D6D25DC00E27ACE /* UserDO.swift */; };
		05773FAA1D6D280100E27ACE /* UserMapper.swift in Sources */ = {isa = PBXBuildFile; fileRef = 05773FA91D6D280100E27ACE /* UserMapper.swift */; };
		05A9A7511D6FB5F1001F4029 /* CategoryDO.swift in Sources */ = {isa = PBXBuildFile; fileRef = 05A9A7501D6FB5F1001F4029 /* CategoryDO.swift */; };
		05DD11691D6E561A0088DC1A /* Login.storyboard in Resources */ = {isa = PBXBuildFile; fileRef = 05DD11681D6E561A0088DC1A /* Login.storyboard */; };
		158C7F5F4F1DD68469E39F42 /* Pods_GroupItTests.framework in Frameworks */ = {isa = PBXBuildFile; fileRef = A50D317C894AF59C0EA22D22 /* Pods_GroupItTests.framework */; };
		3419A5A11D63B6BD00508FF7 /* CategoryCell.swift in Sources */ = {isa = PBXBuildFile; fileRef = 3419A5A01D63B6BD00508FF7 /* CategoryCell.swift */; };
		347382491D624BC10015545E /* GroupCategoriesViewController.swift in Sources */ = {isa = PBXBuildFile; fileRef = 347382481D624BC10015545E /* GroupCategoriesViewController.swift */; };
		5CBA2512DF1117376544DB12 /* Pods_GroupItUITests.framework in Frameworks */ = {isa = PBXBuildFile; fileRef = 62437C027773D917379FA288 /* Pods_GroupItUITests.framework */; };
		7B8CA2871D73EE7D007D3D1C /* GroupMembersViewController.swift in Sources */ = {isa = PBXBuildFile; fileRef = 7B8CA2861D73EE7D007D3D1C /* GroupMembersViewController.swift */; };
		7B8CA2891D73EF26007D3D1C /* GroupMemberCell.swift in Sources */ = {isa = PBXBuildFile; fileRef = 7B8CA2881D73EF26007D3D1C /* GroupMemberCell.swift */; };
		7B8CA28D1D73EFD6007D3D1C /* GroupMember.storyboard in Resources */ = {isa = PBXBuildFile; fileRef = 7B8CA28C1D73EFD6007D3D1C /* GroupMember.storyboard */; };
		7B8CA2911D742D8C007D3D1C /* GroupTabBarView.swift in Sources */ = {isa = PBXBuildFile; fileRef = 7B8CA2901D742D8C007D3D1C /* GroupTabBarView.swift */; };
		7B8CA2931D743469007D3D1C /* Group.storyboard in Resources */ = {isa = PBXBuildFile; fileRef = 7B8CA2921D743469007D3D1C /* Group.storyboard */; };
		7B8CA2951D74B2A5007D3D1C /* GroupMemberManager.swift in Sources */ = {isa = PBXBuildFile; fileRef = 7B8CA2941D74B2A5007D3D1C /* GroupMemberManager.swift */; };
		7B8CA2971D74B60A007D3D1C /* GroupUserRelationDO.swift in Sources */ = {isa = PBXBuildFile; fileRef = 7B8CA2961D74B60A007D3D1C /* GroupUserRelationDO.swift */; };
		7B8CA2991D74B660007D3D1C /* GroupUserRelationMapper.swift in Sources */ = {isa = PBXBuildFile; fileRef = 7B8CA2981D74B660007D3D1C /* GroupUserRelationMapper.swift */; };
		7BA8B2EE1D5C5A230015471D /* AppDelegate.swift in Sources */ = {isa = PBXBuildFile; fileRef = 7BA8B2ED1D5C5A230015471D /* AppDelegate.swift */; };
		7BA8B2F01D5C5A230015471D /* ViewController.swift in Sources */ = {isa = PBXBuildFile; fileRef = 7BA8B2EF1D5C5A230015471D /* ViewController.swift */; };
		7BA8B2F31D5C5A230015471D /* Main.storyboard in Resources */ = {isa = PBXBuildFile; fileRef = 7BA8B2F11D5C5A230015471D /* Main.storyboard */; };
		7BA8B2F51D5C5A230015471D /* Assets.xcassets in Resources */ = {isa = PBXBuildFile; fileRef = 7BA8B2F41D5C5A230015471D /* Assets.xcassets */; };
		7BA8B2F81D5C5A230015471D /* LaunchScreen.storyboard in Resources */ = {isa = PBXBuildFile; fileRef = 7BA8B2F61D5C5A230015471D /* LaunchScreen.storyboard */; };
		7BA8B3031D5C5A230015471D /* GroupItTests.swift in Sources */ = {isa = PBXBuildFile; fileRef = 7BA8B3021D5C5A230015471D /* GroupItTests.swift */; };
		7BA8B30E1D5C5A240015471D /* GroupItUITests.swift in Sources */ = {isa = PBXBuildFile; fileRef = 7BA8B30D1D5C5A240015471D /* GroupItUITests.swift */; };
		7BB7609A1D643BE900D0EFD3 /* TodoItemDO.swift in Sources */ = {isa = PBXBuildFile; fileRef = 7BB760991D643BE900D0EFD3 /* TodoItemDO.swift */; };
		7BB760A01D643FB900D0EFD3 /* GroupDO.swift in Sources */ = {isa = PBXBuildFile; fileRef = 7BB7609F1D643FB900D0EFD3 /* GroupDO.swift */; };
		7BB760AA1D691D0A00D0EFD3 /* ParseContext.swift in Sources */ = {isa = PBXBuildFile; fileRef = 7BB760A91D691D0900D0EFD3 /* ParseContext.swift */; };
		7BB760AC1D69B41800D0EFD3 /* TodoItemCreateViewController.swift in Sources */ = {isa = PBXBuildFile; fileRef = 7BB760AB1D69B41800D0EFD3 /* TodoItemCreateViewController.swift */; };
		7BB760AE1D6A639400D0EFD3 /* CategoryCreateViewController.swift in Sources */ = {isa = PBXBuildFile; fileRef = 7BB760AD1D6A639400D0EFD3 /* CategoryCreateViewController.swift */; };
		7BB760B01D6A8E7100D0EFD3 /* GroupCreateViewController.swift in Sources */ = {isa = PBXBuildFile; fileRef = 7BB760AF1D6A8E7100D0EFD3 /* GroupCreateViewController.swift */; };
		7BB760B61D6CDACE00D0EFD3 /* ImageCell.swift in Sources */ = {isa = PBXBuildFile; fileRef = 7BB760B51D6CDACE00D0EFD3 /* ImageCell.swift */; };
		7BB760B81D6CF99A00D0EFD3 /* ImageCategoryManager.swift in Sources */ = {isa = PBXBuildFile; fileRef = 7BB760B71D6CF99A00D0EFD3 /* ImageCategoryManager.swift */; };
		7BB760BA1D6DA8FA00D0EFD3 /* ImageItemManager.swift in Sources */ = {isa = PBXBuildFile; fileRef = 7BB760B91D6DA8FA00D0EFD3 /* ImageItemManager.swift */; };
		7BB760BC1D6DA91900D0EFD3 /* ImageItemMapper.swift in Sources */ = {isa = PBXBuildFile; fileRef = 7BB760BB1D6DA91900D0EFD3 /* ImageItemMapper.swift */; };
		7BB760BE1D6DAAAA00D0EFD3 /* ImageItemDO.swift in Sources */ = {isa = PBXBuildFile; fileRef = 7BB760BD1D6DAAAA00D0EFD3 /* ImageItemDO.swift */; };
		7BC1B3E51D5D67D4008DA8F8 /* User.swift in Sources */ = {isa = PBXBuildFile; fileRef = 7BC1B3E41D5D67D4008DA8F8 /* User.swift */; };
		7BC1B3E71D5D67E1008DA8F8 /* Group.swift in Sources */ = {isa = PBXBuildFile; fileRef = 7BC1B3E61D5D67E1008DA8F8 /* Group.swift */; };
		7BC1B3EC1D5D683E008DA8F8 /* PollCategory.swift in Sources */ = {isa = PBXBuildFile; fileRef = 7BC1B3EB1D5D683E008DA8F8 /* PollCategory.swift */; };
		7BC1B3EE1D5D685A008DA8F8 /* TodoCategory.swift in Sources */ = {isa = PBXBuildFile; fileRef = 7BC1B3ED1D5D685A008DA8F8 /* TodoCategory.swift */; };
		7BC1B3F01D5D6870008DA8F8 /* ImageCategory.swift in Sources */ = {isa = PBXBuildFile; fileRef = 7BC1B3EF1D5D6870008DA8F8 /* ImageCategory.swift */; };
		7BC1B3F21D5D68B8008DA8F8 /* Category.swift in Sources */ = {isa = PBXBuildFile; fileRef = 7BC1B3F11D5D68B8008DA8F8 /* Category.swift */; };
		7BC1B3F71D5D6DAA008DA8F8 /* LoginViewController.swift in Sources */ = {isa = PBXBuildFile; fileRef = 7BC1B3F61D5D6DAA008DA8F8 /* LoginViewController.swift */; };
		7BC1B3FA1D5D6DC5008DA8F8 /* SignUpViewController.swift in Sources */ = {isa = PBXBuildFile; fileRef = 7BC1B3F91D5D6DC5008DA8F8 /* SignUpViewController.swift */; };
		7BC1B3FC1D5D6DE0008DA8F8 /* PasswordRecoveryViewController.swift in Sources */ = {isa = PBXBuildFile; fileRef = 7BC1B3FB1D5D6DE0008DA8F8 /* PasswordRecoveryViewController.swift */; };
		7BC1B3FF1D5D6E25008DA8F8 /* GroupsViewController.swift in Sources */ = {isa = PBXBuildFile; fileRef = 7BC1B3FE1D5D6E25008DA8F8 /* GroupsViewController.swift */; };
		7BC1B4021D5D6E8B008DA8F8 /* GroupSetupViewController.swift in Sources */ = {isa = PBXBuildFile; fileRef = 7BC1B4011D5D6E8B008DA8F8 /* GroupSetupViewController.swift */; };
		7BC1B4051D5D6EAF008DA8F8 /* GroupDetailsViewController.swift in Sources */ = {isa = PBXBuildFile; fileRef = 7BC1B4041D5D6EAF008DA8F8 /* GroupDetailsViewController.swift */; };
		7BC1B4091D5D6EE2008DA8F8 /* PollDetailsViewController.swift in Sources */ = {isa = PBXBuildFile; fileRef = 7BC1B4081D5D6EE2008DA8F8 /* PollDetailsViewController.swift */; };
		7BC1B40B1D5D6EF6008DA8F8 /* PollSetupViewController.swift in Sources */ = {isa = PBXBuildFile; fileRef = 7BC1B40A1D5D6EF6008DA8F8 /* PollSetupViewController.swift */; };
		7BC1B40E1D5D6F3D008DA8F8 /* TodoDetailsViewController.swift in Sources */ = {isa = PBXBuildFile; fileRef = 7BC1B40D1D5D6F3D008DA8F8 /* TodoDetailsViewController.swift */; };
		7BC1B4111D5D6F65008DA8F8 /* ImageDetailsViewController.swift in Sources */ = {isa = PBXBuildFile; fileRef = 7BC1B4101D5D6F65008DA8F8 /* ImageDetailsViewController.swift */; };
		7BC1B4161D5D6FA3008DA8F8 /* Groups.storyboard in Resources */ = {isa = PBXBuildFile; fileRef = 7BC1B4151D5D6FA3008DA8F8 /* Groups.storyboard */; };
		7BC1B41A1D5D6FF0008DA8F8 /* GroupCategory.storyboard in Resources */ = {isa = PBXBuildFile; fileRef = 7BC1B4191D5D6FF0008DA8F8 /* GroupCategory.storyboard */; };
		7BC1B41C1D5D7011008DA8F8 /* PollCategory.storyboard in Resources */ = {isa = PBXBuildFile; fileRef = 7BC1B41B1D5D7011008DA8F8 /* PollCategory.storyboard */; };
		7BC1B41E1D5D701E008DA8F8 /* TodoCategory.storyboard in Resources */ = {isa = PBXBuildFile; fileRef = 7BC1B41D1D5D701E008DA8F8 /* TodoCategory.storyboard */; };
		7BC1B4201D5D702A008DA8F8 /* ImageCategory.storyboard in Resources */ = {isa = PBXBuildFile; fileRef = 7BC1B41F1D5D702A008DA8F8 /* ImageCategory.storyboard */; };
		7BC1B4741D5FC630008DA8F8 /* Constants.swift in Sources */ = {isa = PBXBuildFile; fileRef = 7BC1B4731D5FC630008DA8F8 /* Constants.swift */; };
		7BC1B4761D5FC986008DA8F8 /* ParseDAO.swift in Sources */ = {isa = PBXBuildFile; fileRef = 7BC1B4751D5FC986008DA8F8 /* ParseDAO.swift */; };
		7BC1B4781D5FCD86008DA8F8 /* TodoCategoryMapper.swift in Sources */ = {isa = PBXBuildFile; fileRef = 7BC1B4771D5FCD86008DA8F8 /* TodoCategoryMapper.swift */; };
		7BC1B47A1D5FD861008DA8F8 /* TodoCategoryManager.swift in Sources */ = {isa = PBXBuildFile; fileRef = 7BC1B4791D5FD861008DA8F8 /* TodoCategoryManager.swift */; };
		7BC1B47E1D5FEBCD008DA8F8 /* TodoCategoryDataUtil.swift in Sources */ = {isa = PBXBuildFile; fileRef = 7BC1B47D1D5FEBCD008DA8F8 /* TodoCategoryDataUtil.swift */; };
		7BC1B4801D604A60008DA8F8 /* TodoItemMapper.swift in Sources */ = {isa = PBXBuildFile; fileRef = 7BC1B47F1D604A60008DA8F8 /* TodoItemMapper.swift */; };
		7BC1B4841D6084BA008DA8F8 /* TodoItemManager.swift in Sources */ = {isa = PBXBuildFile; fileRef = 7BC1B4831D6084BA008DA8F8 /* TodoItemManager.swift */; };
		7BC1B48A1D614369008DA8F8 /* TodoItemCell.swift in Sources */ = {isa = PBXBuildFile; fileRef = 7BC1B4891D614369008DA8F8 /* TodoItemCell.swift */; };
		7BCA33201D6E789C00AFAC67 /* ImageItemCreateViewController.swift in Sources */ = {isa = PBXBuildFile; fileRef = 7BCA331F1D6E789C00AFAC67 /* ImageItemCreateViewController.swift */; };
		B19CF5170B69D9CDDFD075D5 /* Pods_GroupIt.framework in Frameworks */ = {isa = PBXBuildFile; fileRef = AC21FD303961B1A68A9D833D /* Pods_GroupIt.framework */; };
/* End PBXBuildFile section */

/* Begin PBXContainerItemProxy section */
		7BA8B2FF1D5C5A230015471D /* PBXContainerItemProxy */ = {
			isa = PBXContainerItemProxy;
			containerPortal = 7BA8B2E21D5C5A230015471D /* Project object */;
			proxyType = 1;
			remoteGlobalIDString = 7BA8B2E91D5C5A230015471D;
			remoteInfo = GroupIt;
		};
		7BA8B30A1D5C5A240015471D /* PBXContainerItemProxy */ = {
			isa = PBXContainerItemProxy;
			containerPortal = 7BA8B2E21D5C5A230015471D /* Project object */;
			proxyType = 1;
			remoteGlobalIDString = 7BA8B2E91D5C5A230015471D;
			remoteInfo = GroupIt;
		};
/* End PBXContainerItemProxy section */

/* Begin PBXFileReference section */
		0524A0D51D62EAEE00B6E438 /* GroupsCell.swift */ = {isa = PBXFileReference; fileEncoding = 4; lastKnownFileType = sourcecode.swift; path = GroupsCell.swift; sourceTree = "<group>"; };
		053A67261D63F26A0042465A /* GroupManager.swift */ = {isa = PBXFileReference; fileEncoding = 4; lastKnownFileType = sourcecode.swift; path = GroupManager.swift; sourceTree = "<group>"; };
		053A67281D63F4140042465A /* GroupMapper.swift */ = {isa = PBXFileReference; fileEncoding = 4; lastKnownFileType = sourcecode.swift; path = GroupMapper.swift; sourceTree = "<group>"; };
		053A672A1D63F59C0042465A /* GroupDataUtil.swift */ = {isa = PBXFileReference; fileEncoding = 4; lastKnownFileType = sourcecode.swift; path = GroupDataUtil.swift; sourceTree = "<group>"; };
		053A672C1D654A530042465A /* Default-568h@2x.png */ = {isa = PBXFileReference; lastKnownFileType = image.png; path = "Default-568h@2x.png"; sourceTree = "<group>"; };
		05773FA51D6D25AD00E27ACE /* UserManager.swift */ = {isa = PBXFileReference; fileEncoding = 4; lastKnownFileType = sourcecode.swift; path = UserManager.swift; sourceTree = "<group>"; };
		05773FA71D6D25DC00E27ACE /* UserDO.swift */ = {isa = PBXFileReference; fileEncoding = 4; lastKnownFileType = sourcecode.swift; path = UserDO.swift; sourceTree = "<group>"; };
		05773FA91D6D280100E27ACE /* UserMapper.swift */ = {isa = PBXFileReference; fileEncoding = 4; lastKnownFileType = sourcecode.swift; path = UserMapper.swift; sourceTree = "<group>"; };
		05A9A7501D6FB5F1001F4029 /* CategoryDO.swift */ = {isa = PBXFileReference; fileEncoding = 4; lastKnownFileType = sourcecode.swift; path = CategoryDO.swift; sourceTree = "<group>"; };
		05DD11681D6E561A0088DC1A /* Login.storyboard */ = {isa = PBXFileReference; fileEncoding = 4; lastKnownFileType = file.storyboard; path = Login.storyboard; sourceTree = "<group>"; };
		289274919171848AF31D3931 /* Pods-GroupItTests.debug.xcconfig */ = {isa = PBXFileReference; includeInIndex = 1; lastKnownFileType = text.xcconfig; name = "Pods-GroupItTests.debug.xcconfig"; path = "Pods/Target Support Files/Pods-GroupItTests/Pods-GroupItTests.debug.xcconfig"; sourceTree = "<group>"; };
		3419A5A01D63B6BD00508FF7 /* CategoryCell.swift */ = {isa = PBXFileReference; fileEncoding = 4; lastKnownFileType = sourcecode.swift; path = CategoryCell.swift; sourceTree = "<group>"; };
		347382481D624BC10015545E /* GroupCategoriesViewController.swift */ = {isa = PBXFileReference; fileEncoding = 4; lastKnownFileType = sourcecode.swift; path = GroupCategoriesViewController.swift; sourceTree = "<group>"; };
		381A715E0EEF71F56A63154D /* Pods-GroupIt.debug.xcconfig */ = {isa = PBXFileReference; includeInIndex = 1; lastKnownFileType = text.xcconfig; name = "Pods-GroupIt.debug.xcconfig"; path = "Pods/Target Support Files/Pods-GroupIt/Pods-GroupIt.debug.xcconfig"; sourceTree = "<group>"; };
		62437C027773D917379FA288 /* Pods_GroupItUITests.framework */ = {isa = PBXFileReference; explicitFileType = wrapper.framework; includeInIndex = 0; path = Pods_GroupItUITests.framework; sourceTree = BUILT_PRODUCTS_DIR; };
		7B8CA2861D73EE7D007D3D1C /* GroupMembersViewController.swift */ = {isa = PBXFileReference; fileEncoding = 4; lastKnownFileType = sourcecode.swift; path = GroupMembersViewController.swift; sourceTree = "<group>"; };
		7B8CA2881D73EF26007D3D1C /* GroupMemberCell.swift */ = {isa = PBXFileReference; fileEncoding = 4; lastKnownFileType = sourcecode.swift; path = GroupMemberCell.swift; sourceTree = "<group>"; };
		7B8CA28C1D73EFD6007D3D1C /* GroupMember.storyboard */ = {isa = PBXFileReference; fileEncoding = 4; lastKnownFileType = file.storyboard; path = GroupMember.storyboard; sourceTree = "<group>"; };
		7B8CA2901D742D8C007D3D1C /* GroupTabBarView.swift */ = {isa = PBXFileReference; fileEncoding = 4; lastKnownFileType = sourcecode.swift; path = GroupTabBarView.swift; sourceTree = "<group>"; };
		7B8CA2921D743469007D3D1C /* Group.storyboard */ = {isa = PBXFileReference; fileEncoding = 4; lastKnownFileType = file.storyboard; path = Group.storyboard; sourceTree = "<group>"; };
		7B8CA2941D74B2A5007D3D1C /* GroupMemberManager.swift */ = {isa = PBXFileReference; fileEncoding = 4; lastKnownFileType = sourcecode.swift; path = GroupMemberManager.swift; sourceTree = "<group>"; };
		7B8CA2961D74B60A007D3D1C /* GroupUserRelationDO.swift */ = {isa = PBXFileReference; fileEncoding = 4; lastKnownFileType = sourcecode.swift; path = GroupUserRelationDO.swift; sourceTree = "<group>"; };
		7B8CA2981D74B660007D3D1C /* GroupUserRelationMapper.swift */ = {isa = PBXFileReference; fileEncoding = 4; lastKnownFileType = sourcecode.swift; path = GroupUserRelationMapper.swift; sourceTree = "<group>"; };
		7BA8B2EA1D5C5A230015471D /* GroupIt.app */ = {isa = PBXFileReference; explicitFileType = wrapper.application; includeInIndex = 0; path = GroupIt.app; sourceTree = BUILT_PRODUCTS_DIR; };
		7BA8B2ED1D5C5A230015471D /* AppDelegate.swift */ = {isa = PBXFileReference; lastKnownFileType = sourcecode.swift; path = AppDelegate.swift; sourceTree = "<group>"; };
		7BA8B2EF1D5C5A230015471D /* ViewController.swift */ = {isa = PBXFileReference; lastKnownFileType = sourcecode.swift; path = ViewController.swift; sourceTree = "<group>"; };
		7BA8B2F21D5C5A230015471D /* Base */ = {isa = PBXFileReference; lastKnownFileType = file.storyboard; name = Base; path = Base.lproj/Main.storyboard; sourceTree = "<group>"; };
		7BA8B2F41D5C5A230015471D /* Assets.xcassets */ = {isa = PBXFileReference; lastKnownFileType = folder.assetcatalog; path = Assets.xcassets; sourceTree = "<group>"; };
		7BA8B2F71D5C5A230015471D /* Base */ = {isa = PBXFileReference; lastKnownFileType = file.storyboard; name = Base; path = Base.lproj/LaunchScreen.storyboard; sourceTree = "<group>"; };
		7BA8B2F91D5C5A230015471D /* Info.plist */ = {isa = PBXFileReference; lastKnownFileType = text.plist.xml; path = Info.plist; sourceTree = "<group>"; };
		7BA8B2FE1D5C5A230015471D /* GroupItTests.xctest */ = {isa = PBXFileReference; explicitFileType = wrapper.cfbundle; includeInIndex = 0; path = GroupItTests.xctest; sourceTree = BUILT_PRODUCTS_DIR; };
		7BA8B3021D5C5A230015471D /* GroupItTests.swift */ = {isa = PBXFileReference; lastKnownFileType = sourcecode.swift; path = GroupItTests.swift; sourceTree = "<group>"; };
		7BA8B3041D5C5A230015471D /* Info.plist */ = {isa = PBXFileReference; lastKnownFileType = text.plist.xml; path = Info.plist; sourceTree = "<group>"; };
		7BA8B3091D5C5A230015471D /* GroupItUITests.xctest */ = {isa = PBXFileReference; explicitFileType = wrapper.cfbundle; includeInIndex = 0; path = GroupItUITests.xctest; sourceTree = BUILT_PRODUCTS_DIR; };
		7BA8B30D1D5C5A240015471D /* GroupItUITests.swift */ = {isa = PBXFileReference; lastKnownFileType = sourcecode.swift; path = GroupItUITests.swift; sourceTree = "<group>"; };
		7BA8B30F1D5C5A240015471D /* Info.plist */ = {isa = PBXFileReference; lastKnownFileType = text.plist.xml; path = Info.plist; sourceTree = "<group>"; };
		7BB760991D643BE900D0EFD3 /* TodoItemDO.swift */ = {isa = PBXFileReference; fileEncoding = 4; lastKnownFileType = sourcecode.swift; path = TodoItemDO.swift; sourceTree = "<group>"; };
		7BB7609F1D643FB900D0EFD3 /* GroupDO.swift */ = {isa = PBXFileReference; fileEncoding = 4; lastKnownFileType = sourcecode.swift; path = GroupDO.swift; sourceTree = "<group>"; };
		7BB760A41D65037200D0EFD3 /* GroupIt-Bridging-Header.h */ = {isa = PBXFileReference; lastKnownFileType = sourcecode.c.h; path = "GroupIt-Bridging-Header.h"; sourceTree = "<group>"; };
		7BB760A91D691D0900D0EFD3 /* ParseContext.swift */ = {isa = PBXFileReference; fileEncoding = 4; lastKnownFileType = sourcecode.swift; path = ParseContext.swift; sourceTree = "<group>"; };
		7BB760AB1D69B41800D0EFD3 /* TodoItemCreateViewController.swift */ = {isa = PBXFileReference; fileEncoding = 4; lastKnownFileType = sourcecode.swift; path = TodoItemCreateViewController.swift; sourceTree = "<group>"; };
		7BB760AD1D6A639400D0EFD3 /* CategoryCreateViewController.swift */ = {isa = PBXFileReference; fileEncoding = 4; lastKnownFileType = sourcecode.swift; path = CategoryCreateViewController.swift; sourceTree = "<group>"; };
		7BB760AF1D6A8E7100D0EFD3 /* GroupCreateViewController.swift */ = {isa = PBXFileReference; fileEncoding = 4; lastKnownFileType = sourcecode.swift; path = GroupCreateViewController.swift; sourceTree = "<group>"; };
		7BB760B51D6CDACE00D0EFD3 /* ImageCell.swift */ = {isa = PBXFileReference; fileEncoding = 4; lastKnownFileType = sourcecode.swift; path = ImageCell.swift; sourceTree = "<group>"; };
		7BB760B71D6CF99A00D0EFD3 /* ImageCategoryManager.swift */ = {isa = PBXFileReference; fileEncoding = 4; lastKnownFileType = sourcecode.swift; path = ImageCategoryManager.swift; sourceTree = "<group>"; };
		7BB760B91D6DA8FA00D0EFD3 /* ImageItemManager.swift */ = {isa = PBXFileReference; fileEncoding = 4; lastKnownFileType = sourcecode.swift; path = ImageItemManager.swift; sourceTree = "<group>"; };
		7BB760BB1D6DA91900D0EFD3 /* ImageItemMapper.swift */ = {isa = PBXFileReference; fileEncoding = 4; lastKnownFileType = sourcecode.swift; path = ImageItemMapper.swift; sourceTree = "<group>"; };
		7BB760BD1D6DAAAA00D0EFD3 /* ImageItemDO.swift */ = {isa = PBXFileReference; fileEncoding = 4; lastKnownFileType = sourcecode.swift; path = ImageItemDO.swift; sourceTree = "<group>"; };
		7BC1B3E41D5D67D4008DA8F8 /* User.swift */ = {isa = PBXFileReference; fileEncoding = 4; lastKnownFileType = sourcecode.swift; path = User.swift; sourceTree = "<group>"; };
		7BC1B3E61D5D67E1008DA8F8 /* Group.swift */ = {isa = PBXFileReference; fileEncoding = 4; lastKnownFileType = sourcecode.swift; path = Group.swift; sourceTree = "<group>"; };
		7BC1B3EB1D5D683E008DA8F8 /* PollCategory.swift */ = {isa = PBXFileReference; fileEncoding = 4; lastKnownFileType = sourcecode.swift; path = PollCategory.swift; sourceTree = "<group>"; };
		7BC1B3ED1D5D685A008DA8F8 /* TodoCategory.swift */ = {isa = PBXFileReference; fileEncoding = 4; lastKnownFileType = sourcecode.swift; path = TodoCategory.swift; sourceTree = "<group>"; };
		7BC1B3EF1D5D6870008DA8F8 /* ImageCategory.swift */ = {isa = PBXFileReference; fileEncoding = 4; lastKnownFileType = sourcecode.swift; path = ImageCategory.swift; sourceTree = "<group>"; };
		7BC1B3F11D5D68B8008DA8F8 /* Category.swift */ = {isa = PBXFileReference; fileEncoding = 4; lastKnownFileType = sourcecode.swift; path = Category.swift; sourceTree = "<group>"; };
		7BC1B3F61D5D6DAA008DA8F8 /* LoginViewController.swift */ = {isa = PBXFileReference; fileEncoding = 4; lastKnownFileType = sourcecode.swift; path = LoginViewController.swift; sourceTree = "<group>"; };
		7BC1B3F91D5D6DC5008DA8F8 /* SignUpViewController.swift */ = {isa = PBXFileReference; fileEncoding = 4; lastKnownFileType = sourcecode.swift; path = SignUpViewController.swift; sourceTree = "<group>"; };
		7BC1B3FB1D5D6DE0008DA8F8 /* PasswordRecoveryViewController.swift */ = {isa = PBXFileReference; fileEncoding = 4; lastKnownFileType = sourcecode.swift; path = PasswordRecoveryViewController.swift; sourceTree = "<group>"; };
		7BC1B3FE1D5D6E25008DA8F8 /* GroupsViewController.swift */ = {isa = PBXFileReference; fileEncoding = 4; lastKnownFileType = sourcecode.swift; path = GroupsViewController.swift; sourceTree = "<group>"; };
		7BC1B4011D5D6E8B008DA8F8 /* GroupSetupViewController.swift */ = {isa = PBXFileReference; fileEncoding = 4; lastKnownFileType = sourcecode.swift; path = GroupSetupViewController.swift; sourceTree = "<group>"; };
		7BC1B4041D5D6EAF008DA8F8 /* GroupDetailsViewController.swift */ = {isa = PBXFileReference; fileEncoding = 4; lastKnownFileType = sourcecode.swift; path = GroupDetailsViewController.swift; sourceTree = "<group>"; };
		7BC1B4081D5D6EE2008DA8F8 /* PollDetailsViewController.swift */ = {isa = PBXFileReference; fileEncoding = 4; lastKnownFileType = sourcecode.swift; path = PollDetailsViewController.swift; sourceTree = "<group>"; };
		7BC1B40A1D5D6EF6008DA8F8 /* PollSetupViewController.swift */ = {isa = PBXFileReference; fileEncoding = 4; lastKnownFileType = sourcecode.swift; path = PollSetupViewController.swift; sourceTree = "<group>"; };
		7BC1B40D1D5D6F3D008DA8F8 /* TodoDetailsViewController.swift */ = {isa = PBXFileReference; fileEncoding = 4; lastKnownFileType = sourcecode.swift; path = TodoDetailsViewController.swift; sourceTree = "<group>"; };
		7BC1B4101D5D6F65008DA8F8 /* ImageDetailsViewController.swift */ = {isa = PBXFileReference; fileEncoding = 4; lastKnownFileType = sourcecode.swift; path = ImageDetailsViewController.swift; sourceTree = "<group>"; };
		7BC1B4151D5D6FA3008DA8F8 /* Groups.storyboard */ = {isa = PBXFileReference; fileEncoding = 4; lastKnownFileType = file.storyboard; path = Groups.storyboard; sourceTree = "<group>"; };
		7BC1B4191D5D6FF0008DA8F8 /* GroupCategory.storyboard */ = {isa = PBXFileReference; fileEncoding = 4; lastKnownFileType = file.storyboard; path = GroupCategory.storyboard; sourceTree = "<group>"; };
		7BC1B41B1D5D7011008DA8F8 /* PollCategory.storyboard */ = {isa = PBXFileReference; fileEncoding = 4; lastKnownFileType = file.storyboard; path = PollCategory.storyboard; sourceTree = "<group>"; };
		7BC1B41D1D5D701E008DA8F8 /* TodoCategory.storyboard */ = {isa = PBXFileReference; fileEncoding = 4; lastKnownFileType = file.storyboard; path = TodoCategory.storyboard; sourceTree = "<group>"; };
		7BC1B41F1D5D702A008DA8F8 /* ImageCategory.storyboard */ = {isa = PBXFileReference; fileEncoding = 4; lastKnownFileType = file.storyboard; path = ImageCategory.storyboard; sourceTree = "<group>"; };
		7BC1B4731D5FC630008DA8F8 /* Constants.swift */ = {isa = PBXFileReference; fileEncoding = 4; lastKnownFileType = sourcecode.swift; path = Constants.swift; sourceTree = "<group>"; };
		7BC1B4751D5FC986008DA8F8 /* ParseDAO.swift */ = {isa = PBXFileReference; fileEncoding = 4; lastKnownFileType = sourcecode.swift; path = ParseDAO.swift; sourceTree = "<group>"; };
		7BC1B4771D5FCD86008DA8F8 /* TodoCategoryMapper.swift */ = {isa = PBXFileReference; fileEncoding = 4; lastKnownFileType = sourcecode.swift; path = TodoCategoryMapper.swift; sourceTree = "<group>"; };
		7BC1B4791D5FD861008DA8F8 /* TodoCategoryManager.swift */ = {isa = PBXFileReference; fileEncoding = 4; lastKnownFileType = sourcecode.swift; path = TodoCategoryManager.swift; sourceTree = "<group>"; };
		7BC1B47D1D5FEBCD008DA8F8 /* TodoCategoryDataUtil.swift */ = {isa = PBXFileReference; fileEncoding = 4; lastKnownFileType = sourcecode.swift; path = TodoCategoryDataUtil.swift; sourceTree = "<group>"; };
		7BC1B47F1D604A60008DA8F8 /* TodoItemMapper.swift */ = {isa = PBXFileReference; fileEncoding = 4; lastKnownFileType = sourcecode.swift; path = TodoItemMapper.swift; sourceTree = "<group>"; };
		7BC1B4831D6084BA008DA8F8 /* TodoItemManager.swift */ = {isa = PBXFileReference; fileEncoding = 4; lastKnownFileType = sourcecode.swift; path = TodoItemManager.swift; sourceTree = "<group>"; };
		7BC1B4891D614369008DA8F8 /* TodoItemCell.swift */ = {isa = PBXFileReference; fileEncoding = 4; lastKnownFileType = sourcecode.swift; path = TodoItemCell.swift; sourceTree = "<group>"; };
		7BCA331F1D6E789C00AFAC67 /* ImageItemCreateViewController.swift */ = {isa = PBXFileReference; fileEncoding = 4; lastKnownFileType = sourcecode.swift; path = ImageItemCreateViewController.swift; sourceTree = "<group>"; };
		8C223E4FFA3DC87DC3096863 /* Pods-GroupItUITests.debug.xcconfig */ = {isa = PBXFileReference; includeInIndex = 1; lastKnownFileType = text.xcconfig; name = "Pods-GroupItUITests.debug.xcconfig"; path = "Pods/Target Support Files/Pods-GroupItUITests/Pods-GroupItUITests.debug.xcconfig"; sourceTree = "<group>"; };
		A50D317C894AF59C0EA22D22 /* Pods_GroupItTests.framework */ = {isa = PBXFileReference; explicitFileType = wrapper.framework; includeInIndex = 0; path = Pods_GroupItTests.framework; sourceTree = BUILT_PRODUCTS_DIR; };
		AC21FD303961B1A68A9D833D /* Pods_GroupIt.framework */ = {isa = PBXFileReference; explicitFileType = wrapper.framework; includeInIndex = 0; path = Pods_GroupIt.framework; sourceTree = BUILT_PRODUCTS_DIR; };
		C06FA4B4B98D05BBC6D8A873 /* Pods-GroupItUITests.release.xcconfig */ = {isa = PBXFileReference; includeInIndex = 1; lastKnownFileType = text.xcconfig; name = "Pods-GroupItUITests.release.xcconfig"; path = "Pods/Target Support Files/Pods-GroupItUITests/Pods-GroupItUITests.release.xcconfig"; sourceTree = "<group>"; };
		C8060AA8ADCE9D7820578EF4 /* Pods-GroupItTests.release.xcconfig */ = {isa = PBXFileReference; includeInIndex = 1; lastKnownFileType = text.xcconfig; name = "Pods-GroupItTests.release.xcconfig"; path = "Pods/Target Support Files/Pods-GroupItTests/Pods-GroupItTests.release.xcconfig"; sourceTree = "<group>"; };
		D180F337EBD3A72360B72F11 /* Pods-GroupIt.release.xcconfig */ = {isa = PBXFileReference; includeInIndex = 1; lastKnownFileType = text.xcconfig; name = "Pods-GroupIt.release.xcconfig"; path = "Pods/Target Support Files/Pods-GroupIt/Pods-GroupIt.release.xcconfig"; sourceTree = "<group>"; };
/* End PBXFileReference section */

/* Begin PBXFrameworksBuildPhase section */
		7BA8B2E71D5C5A230015471D /* Frameworks */ = {
			isa = PBXFrameworksBuildPhase;
			buildActionMask = 2147483647;
			files = (
				B19CF5170B69D9CDDFD075D5 /* Pods_GroupIt.framework in Frameworks */,
			);
			runOnlyForDeploymentPostprocessing = 0;
		};
		7BA8B2FB1D5C5A230015471D /* Frameworks */ = {
			isa = PBXFrameworksBuildPhase;
			buildActionMask = 2147483647;
			files = (
				158C7F5F4F1DD68469E39F42 /* Pods_GroupItTests.framework in Frameworks */,
			);
			runOnlyForDeploymentPostprocessing = 0;
		};
		7BA8B3061D5C5A230015471D /* Frameworks */ = {
			isa = PBXFrameworksBuildPhase;
			buildActionMask = 2147483647;
			files = (
				5CBA2512DF1117376544DB12 /* Pods_GroupItUITests.framework in Frameworks */,
			);
			runOnlyForDeploymentPostprocessing = 0;
		};
/* End PBXFrameworksBuildPhase section */

/* Begin PBXGroup section */
		7BA8B2E11D5C5A230015471D = {
			isa = PBXGroup;
			children = (
				053A672C1D654A530042465A /* Default-568h@2x.png */,
				7BA8B2EC1D5C5A230015471D /* GroupIt */,
				7BA8B3011D5C5A230015471D /* GroupItTests */,
				7BA8B30C1D5C5A240015471D /* GroupItUITests */,
				7BA8B2EB1D5C5A230015471D /* Products */,
				DF5DECA32E3C81CE7CD4F85D /* Pods */,
				8A81E93D8A6935892EA5D64B /* Frameworks */,
			);
			sourceTree = "<group>";
		};
		7BA8B2EB1D5C5A230015471D /* Products */ = {
			isa = PBXGroup;
			children = (
				7BA8B2EA1D5C5A230015471D /* GroupIt.app */,
				7BA8B2FE1D5C5A230015471D /* GroupItTests.xctest */,
				7BA8B3091D5C5A230015471D /* GroupItUITests.xctest */,
			);
			name = Products;
			sourceTree = "<group>";
		};
		7BA8B2EC1D5C5A230015471D /* GroupIt */ = {
			isa = PBXGroup;
			children = (
				7BC1B4721D5FC60D008DA8F8 /* Mapper */,
				7BC1B4711D5FC5FD008DA8F8 /* Manager */,
				7BC1B4121D5D6F6D008DA8F8 /* Storyboard */,
				7BC1B3F31D5D6AA0008DA8F8 /* Util */,
				7BC1B3E31D5D677D008DA8F8 /* Datastore */,
				7BC1B3E21D5D676F008DA8F8 /* Model */,
				7BC1B3E11D5D675F008DA8F8 /* Controller */,
				7BC1B3E01D5D6754008DA8F8 /* View */,
				7BA8B2ED1D5C5A230015471D /* AppDelegate.swift */,
				7BA8B2EF1D5C5A230015471D /* ViewController.swift */,
				7BA8B2F11D5C5A230015471D /* Main.storyboard */,
				7BA8B2F41D5C5A230015471D /* Assets.xcassets */,
				7BA8B2F61D5C5A230015471D /* LaunchScreen.storyboard */,
				7BA8B2F91D5C5A230015471D /* Info.plist */,
				7BB760A41D65037200D0EFD3 /* GroupIt-Bridging-Header.h */,
			);
			path = GroupIt;
			sourceTree = "<group>";
		};
		7BA8B3011D5C5A230015471D /* GroupItTests */ = {
			isa = PBXGroup;
			children = (
				7BA8B3021D5C5A230015471D /* GroupItTests.swift */,
				7BA8B3041D5C5A230015471D /* Info.plist */,
			);
			path = GroupItTests;
			sourceTree = "<group>";
		};
		7BA8B30C1D5C5A240015471D /* GroupItUITests */ = {
			isa = PBXGroup;
			children = (
				7BA8B30D1D5C5A240015471D /* GroupItUITests.swift */,
				7BA8B30F1D5C5A240015471D /* Info.plist */,
			);
			path = GroupItUITests;
			sourceTree = "<group>";
		};
		7BB760981D643BBD00D0EFD3 /* DO */ = {
			isa = PBXGroup;
			children = (
				7BB760991D643BE900D0EFD3 /* TodoItemDO.swift */,
				7BB7609F1D643FB900D0EFD3 /* GroupDO.swift */,
				05773FA71D6D25DC00E27ACE /* UserDO.swift */,
				7BB760BD1D6DAAAA00D0EFD3 /* ImageItemDO.swift */,
				05A9A7501D6FB5F1001F4029 /* CategoryDO.swift */,
				7B8CA2961D74B60A007D3D1C /* GroupUserRelationDO.swift */,
			);
			name = DO;
			sourceTree = "<group>";
		};
		7BC1B3E01D5D6754008DA8F8 /* View */ = {
			isa = PBXGroup;
			children = (
				7BC1B4891D614369008DA8F8 /* TodoItemCell.swift */,
				0524A0D51D62EAEE00B6E438 /* GroupsCell.swift */,
				3419A5A01D63B6BD00508FF7 /* CategoryCell.swift */,
				7BB760B51D6CDACE00D0EFD3 /* ImageCell.swift */,
				7B8CA2881D73EF26007D3D1C /* GroupMemberCell.swift */,
				7B8CA2901D742D8C007D3D1C /* GroupTabBarView.swift */,
			);
			name = View;
			sourceTree = "<group>";
		};
		7BC1B3E11D5D675F008DA8F8 /* Controller */ = {
			isa = PBXGroup;
			children = (
				7BC1B4061D5D6EBE008DA8F8 /* Category */,
				7BC1B4001D5D6E33008DA8F8 /* Group */,
				7BC1B3FD1D5D6DEA008DA8F8 /* Groups */,
				7BC1B3F81D5D6DB4008DA8F8 /* Login */,
			);
			name = Controller;
			sourceTree = "<group>";
		};
		7BC1B3E21D5D676F008DA8F8 /* Model */ = {
			isa = PBXGroup;
			children = (
				7BC1B3E41D5D67D4008DA8F8 /* User.swift */,
				7BC1B3E61D5D67E1008DA8F8 /* Group.swift */,
				7BC1B3EB1D5D683E008DA8F8 /* PollCategory.swift */,
				7BC1B3ED1D5D685A008DA8F8 /* TodoCategory.swift */,
				7BC1B3EF1D5D6870008DA8F8 /* ImageCategory.swift */,
				7BC1B3F11D5D68B8008DA8F8 /* Category.swift */,
			);
			name = Model;
			sourceTree = "<group>";
		};
		7BC1B3E31D5D677D008DA8F8 /* Datastore */ = {
			isa = PBXGroup;
			children = (
				7BB760981D643BBD00D0EFD3 /* DO */,
				7BC1B4751D5FC986008DA8F8 /* ParseDAO.swift */,
				7BB760A91D691D0900D0EFD3 /* ParseContext.swift */,
			);
			name = Datastore;
			sourceTree = "<group>";
		};
		7BC1B3F31D5D6AA0008DA8F8 /* Util */ = {
			isa = PBXGroup;
			children = (
				7BC1B47C1D5FEBBC008DA8F8 /* Data */,
				7BC1B4731D5FC630008DA8F8 /* Constants.swift */,
			);
			name = Util;
			sourceTree = "<group>";
		};
		7BC1B3F81D5D6DB4008DA8F8 /* Login */ = {
			isa = PBXGroup;
			children = (
				7BC1B3F61D5D6DAA008DA8F8 /* LoginViewController.swift */,
				7BC1B3F91D5D6DC5008DA8F8 /* SignUpViewController.swift */,
				7BC1B3FB1D5D6DE0008DA8F8 /* PasswordRecoveryViewController.swift */,
			);
			name = Login;
			sourceTree = "<group>";
		};
		7BC1B3FD1D5D6DEA008DA8F8 /* Groups */ = {
			isa = PBXGroup;
			children = (
				7BC1B3FE1D5D6E25008DA8F8 /* GroupsViewController.swift */,
			);
			name = Groups;
			sourceTree = "<group>";
		};
		7BC1B4001D5D6E33008DA8F8 /* Group */ = {
			isa = PBXGroup;
			children = (
				7BC1B4011D5D6E8B008DA8F8 /* GroupSetupViewController.swift */,
				7BC1B4041D5D6EAF008DA8F8 /* GroupDetailsViewController.swift */,
				347382481D624BC10015545E /* GroupCategoriesViewController.swift */,
				7BB760AF1D6A8E7100D0EFD3 /* GroupCreateViewController.swift */,
				7B8CA2861D73EE7D007D3D1C /* GroupMembersViewController.swift */,
			);
			name = Group;
			sourceTree = "<group>";
		};
		7BC1B4061D5D6EBE008DA8F8 /* Category */ = {
			isa = PBXGroup;
			children = (
				7BB760AD1D6A639400D0EFD3 /* CategoryCreateViewController.swift */,
				7BC1B40F1D5D6F48008DA8F8 /* Image */,
				7BC1B40C1D5D6EFE008DA8F8 /* Todo */,
				7BC1B4071D5D6ED1008DA8F8 /* Poll */,
			);
			name = Category;
			sourceTree = "<group>";
		};
		7BC1B4071D5D6ED1008DA8F8 /* Poll */ = {
			isa = PBXGroup;
			children = (
				7BC1B4081D5D6EE2008DA8F8 /* PollDetailsViewController.swift */,
				7BC1B40A1D5D6EF6008DA8F8 /* PollSetupViewController.swift */,
			);
			name = Poll;
			sourceTree = "<group>";
		};
		7BC1B40C1D5D6EFE008DA8F8 /* Todo */ = {
			isa = PBXGroup;
			children = (
				7BC1B40D1D5D6F3D008DA8F8 /* TodoDetailsViewController.swift */,
				7BB760AB1D69B41800D0EFD3 /* TodoItemCreateViewController.swift */,
			);
			name = Todo;
			sourceTree = "<group>";
		};
		7BC1B40F1D5D6F48008DA8F8 /* Image */ = {
			isa = PBXGroup;
			children = (
				7BC1B4101D5D6F65008DA8F8 /* ImageDetailsViewController.swift */,
				7BCA331F1D6E789C00AFAC67 /* ImageItemCreateViewController.swift */,
			);
			name = Image;
			sourceTree = "<group>";
		};
		7BC1B4121D5D6F6D008DA8F8 /* Storyboard */ = {
			isa = PBXGroup;
			children = (
				05DD11681D6E561A0088DC1A /* Login.storyboard */,
				7BC1B4151D5D6FA3008DA8F8 /* Groups.storyboard */,
				7B8CA2921D743469007D3D1C /* Group.storyboard */,
				7BC1B4191D5D6FF0008DA8F8 /* GroupCategory.storyboard */,
				7BC1B41B1D5D7011008DA8F8 /* PollCategory.storyboard */,
				7BC1B41D1D5D701E008DA8F8 /* TodoCategory.storyboard */,
				7BC1B41F1D5D702A008DA8F8 /* ImageCategory.storyboard */,
				7B8CA28C1D73EFD6007D3D1C /* GroupMember.storyboard */,
			);
			name = Storyboard;
			sourceTree = "<group>";
		};
		7BC1B4711D5FC5FD008DA8F8 /* Manager */ = {
			isa = PBXGroup;
			children = (
				7BC1B4791D5FD861008DA8F8 /* TodoCategoryManager.swift */,
				7BC1B4831D6084BA008DA8F8 /* TodoItemManager.swift */,
				053A67261D63F26A0042465A /* GroupManager.swift */,
				05773FA51D6D25AD00E27ACE /* UserManager.swift */,
				7BB760B71D6CF99A00D0EFD3 /* ImageCategoryManager.swift */,
				7BB760B91D6DA8FA00D0EFD3 /* ImageItemManager.swift */,
				7B8CA2941D74B2A5007D3D1C /* GroupMemberManager.swift */,
			);
			name = Manager;
			sourceTree = "<group>";
		};
		7BC1B4721D5FC60D008DA8F8 /* Mapper */ = {
			isa = PBXGroup;
			children = (
				7BC1B4771D5FCD86008DA8F8 /* TodoCategoryMapper.swift */,
				7BC1B47F1D604A60008DA8F8 /* TodoItemMapper.swift */,
				053A67281D63F4140042465A /* GroupMapper.swift */,
				05773FA91D6D280100E27ACE /* UserMapper.swift */,
				7BB760BB1D6DA91900D0EFD3 /* ImageItemMapper.swift */,
				7B8CA2981D74B660007D3D1C /* GroupUserRelationMapper.swift */,
			);
			name = Mapper;
			sourceTree = "<group>";
		};
		7BC1B47C1D5FEBBC008DA8F8 /* Data */ = {
			isa = PBXGroup;
			children = (
				7BC1B47D1D5FEBCD008DA8F8 /* TodoCategoryDataUtil.swift */,
				053A672A1D63F59C0042465A /* GroupDataUtil.swift */,
			);
			name = Data;
			sourceTree = "<group>";
		};
		8A81E93D8A6935892EA5D64B /* Frameworks */ = {
			isa = PBXGroup;
			children = (
				AC21FD303961B1A68A9D833D /* Pods_GroupIt.framework */,
				A50D317C894AF59C0EA22D22 /* Pods_GroupItTests.framework */,
				62437C027773D917379FA288 /* Pods_GroupItUITests.framework */,
			);
			name = Frameworks;
			sourceTree = "<group>";
		};
		DF5DECA32E3C81CE7CD4F85D /* Pods */ = {
			isa = PBXGroup;
			children = (
				381A715E0EEF71F56A63154D /* Pods-GroupIt.debug.xcconfig */,
				D180F337EBD3A72360B72F11 /* Pods-GroupIt.release.xcconfig */,
				289274919171848AF31D3931 /* Pods-GroupItTests.debug.xcconfig */,
				C8060AA8ADCE9D7820578EF4 /* Pods-GroupItTests.release.xcconfig */,
				8C223E4FFA3DC87DC3096863 /* Pods-GroupItUITests.debug.xcconfig */,
				C06FA4B4B98D05BBC6D8A873 /* Pods-GroupItUITests.release.xcconfig */,
			);
			name = Pods;
			sourceTree = "<group>";
		};
/* End PBXGroup section */

/* Begin PBXNativeTarget section */
		7BA8B2E91D5C5A230015471D /* GroupIt */ = {
			isa = PBXNativeTarget;
			buildConfigurationList = 7BA8B3121D5C5A240015471D /* Build configuration list for PBXNativeTarget "GroupIt" */;
			buildPhases = (
				5D45B53FD7FA5E7268F71A3B /* [CP] Check Pods Manifest.lock */,
				7BA8B2E61D5C5A230015471D /* Sources */,
				7BA8B2E71D5C5A230015471D /* Frameworks */,
				7BA8B2E81D5C5A230015471D /* Resources */,
				9033BD5F4EF623DC8B158953 /* [CP] Embed Pods Frameworks */,
				00FA8ED83DE489696408C8FD /* [CP] Copy Pods Resources */,
			);
			buildRules = (
			);
			dependencies = (
			);
			name = GroupIt;
			productName = GroupIt;
			productReference = 7BA8B2EA1D5C5A230015471D /* GroupIt.app */;
			productType = "com.apple.product-type.application";
		};
		7BA8B2FD1D5C5A230015471D /* GroupItTests */ = {
			isa = PBXNativeTarget;
			buildConfigurationList = 7BA8B3151D5C5A240015471D /* Build configuration list for PBXNativeTarget "GroupItTests" */;
			buildPhases = (
				09B17432D49CF4D9448E6D13 /* [CP] Check Pods Manifest.lock */,
				7BA8B2FA1D5C5A230015471D /* Sources */,
				7BA8B2FB1D5C5A230015471D /* Frameworks */,
				7BA8B2FC1D5C5A230015471D /* Resources */,
				D439F43897176F586835DC68 /* [CP] Embed Pods Frameworks */,
				54259FF2C6B9DBA71BE436D6 /* [CP] Copy Pods Resources */,
			);
			buildRules = (
			);
			dependencies = (
				7BA8B3001D5C5A230015471D /* PBXTargetDependency */,
			);
			name = GroupItTests;
			productName = GroupItTests;
			productReference = 7BA8B2FE1D5C5A230015471D /* GroupItTests.xctest */;
			productType = "com.apple.product-type.bundle.unit-test";
		};
		7BA8B3081D5C5A230015471D /* GroupItUITests */ = {
			isa = PBXNativeTarget;
			buildConfigurationList = 7BA8B3181D5C5A240015471D /* Build configuration list for PBXNativeTarget "GroupItUITests" */;
			buildPhases = (
				3B2E23C0DFDC34BAD53DFCB4 /* [CP] Check Pods Manifest.lock */,
				7BA8B3051D5C5A230015471D /* Sources */,
				7BA8B3061D5C5A230015471D /* Frameworks */,
				7BA8B3071D5C5A230015471D /* Resources */,
				7B9F7A988F10773E584B8F49 /* [CP] Copy Pods Resources */,
			);
			buildRules = (
			);
			dependencies = (
				7BA8B30B1D5C5A240015471D /* PBXTargetDependency */,
			);
			name = GroupItUITests;
			productName = GroupItUITests;
			productReference = 7BA8B3091D5C5A230015471D /* GroupItUITests.xctest */;
			productType = "com.apple.product-type.bundle.ui-testing";
		};
/* End PBXNativeTarget section */

/* Begin PBXProject section */
		7BA8B2E21D5C5A230015471D /* Project object */ = {
			isa = PBXProject;
			attributes = {
				LastSwiftUpdateCheck = 0730;
				LastUpgradeCheck = 0730;
				ORGANIZATIONNAME = "iOS Group 5";
				TargetAttributes = {
					7BA8B2E91D5C5A230015471D = {
						CreatedOnToolsVersion = 7.3.1;
					};
					7BA8B2FD1D5C5A230015471D = {
						CreatedOnToolsVersion = 7.3.1;
						TestTargetID = 7BA8B2E91D5C5A230015471D;
					};
					7BA8B3081D5C5A230015471D = {
						CreatedOnToolsVersion = 7.3.1;
						TestTargetID = 7BA8B2E91D5C5A230015471D;
					};
				};
			};
			buildConfigurationList = 7BA8B2E51D5C5A230015471D /* Build configuration list for PBXProject "GroupIt" */;
			compatibilityVersion = "Xcode 3.2";
			developmentRegion = English;
			hasScannedForEncodings = 0;
			knownRegions = (
				en,
				Base,
			);
			mainGroup = 7BA8B2E11D5C5A230015471D;
			productRefGroup = 7BA8B2EB1D5C5A230015471D /* Products */;
			projectDirPath = "";
			projectRoot = "";
			targets = (
				7BA8B2E91D5C5A230015471D /* GroupIt */,
				7BA8B2FD1D5C5A230015471D /* GroupItTests */,
				7BA8B3081D5C5A230015471D /* GroupItUITests */,
			);
		};
/* End PBXProject section */

/* Begin PBXResourcesBuildPhase section */
		7BA8B2E81D5C5A230015471D /* Resources */ = {
			isa = PBXResourcesBuildPhase;
			buildActionMask = 2147483647;
			files = (
				7B8CA2931D743469007D3D1C /* Group.storyboard in Resources */,
				7BC1B41C1D5D7011008DA8F8 /* PollCategory.storyboard in Resources */,
				7BA8B2F81D5C5A230015471D /* LaunchScreen.storyboard in Resources */,
				7BC1B41A1D5D6FF0008DA8F8 /* GroupCategory.storyboard in Resources */,
				053A672D1D654A530042465A /* Default-568h@2x.png in Resources */,
				7BA8B2F51D5C5A230015471D /* Assets.xcassets in Resources */,
				7BC1B4161D5D6FA3008DA8F8 /* Groups.storyboard in Resources */,
				7BC1B4201D5D702A008DA8F8 /* ImageCategory.storyboard in Resources */,
				7B8CA28D1D73EFD6007D3D1C /* GroupMember.storyboard in Resources */,
				7BA8B2F31D5C5A230015471D /* Main.storyboard in Resources */,
				05DD11691D6E561A0088DC1A /* Login.storyboard in Resources */,
				7BC1B41E1D5D701E008DA8F8 /* TodoCategory.storyboard in Resources */,
			);
			runOnlyForDeploymentPostprocessing = 0;
		};
		7BA8B2FC1D5C5A230015471D /* Resources */ = {
			isa = PBXResourcesBuildPhase;
			buildActionMask = 2147483647;
			files = (
			);
			runOnlyForDeploymentPostprocessing = 0;
		};
		7BA8B3071D5C5A230015471D /* Resources */ = {
			isa = PBXResourcesBuildPhase;
			buildActionMask = 2147483647;
			files = (
			);
			runOnlyForDeploymentPostprocessing = 0;
		};
/* End PBXResourcesBuildPhase section */

/* Begin PBXShellScriptBuildPhase section */
		00FA8ED83DE489696408C8FD /* [CP] Copy Pods Resources */ = {
			isa = PBXShellScriptBuildPhase;
			buildActionMask = 2147483647;
			files = (
			);
			inputPaths = (
			);
			name = "[CP] Copy Pods Resources";
			outputPaths = (
			);
			runOnlyForDeploymentPostprocessing = 0;
			shellPath = /bin/sh;
			shellScript = "\"${SRCROOT}/Pods/Target Support Files/Pods-GroupIt/Pods-GroupIt-resources.sh\"\n";
			showEnvVarsInLog = 0;
		};
		09B17432D49CF4D9448E6D13 /* [CP] Check Pods Manifest.lock */ = {
			isa = PBXShellScriptBuildPhase;
			buildActionMask = 2147483647;
			files = (
			);
			inputPaths = (
			);
			name = "[CP] Check Pods Manifest.lock";
			outputPaths = (
			);
			runOnlyForDeploymentPostprocessing = 0;
			shellPath = /bin/sh;
			shellScript = "diff \"${PODS_ROOT}/../Podfile.lock\" \"${PODS_ROOT}/Manifest.lock\" > /dev/null\nif [[ $? != 0 ]] ; then\n    cat << EOM\nerror: The sandbox is not in sync with the Podfile.lock. Run 'pod install' or update your CocoaPods installation.\nEOM\n    exit 1\nfi\n";
			showEnvVarsInLog = 0;
		};
		3B2E23C0DFDC34BAD53DFCB4 /* [CP] Check Pods Manifest.lock */ = {
			isa = PBXShellScriptBuildPhase;
			buildActionMask = 2147483647;
			files = (
			);
			inputPaths = (
			);
			name = "[CP] Check Pods Manifest.lock";
			outputPaths = (
			);
			runOnlyForDeploymentPostprocessing = 0;
			shellPath = /bin/sh;
			shellScript = "diff \"${PODS_ROOT}/../Podfile.lock\" \"${PODS_ROOT}/Manifest.lock\" > /dev/null\nif [[ $? != 0 ]] ; then\n    cat << EOM\nerror: The sandbox is not in sync with the Podfile.lock. Run 'pod install' or update your CocoaPods installation.\nEOM\n    exit 1\nfi\n";
			showEnvVarsInLog = 0;
		};
		54259FF2C6B9DBA71BE436D6 /* [CP] Copy Pods Resources */ = {
			isa = PBXShellScriptBuildPhase;
			buildActionMask = 2147483647;
			files = (
			);
			inputPaths = (
			);
			name = "[CP] Copy Pods Resources";
			outputPaths = (
			);
			runOnlyForDeploymentPostprocessing = 0;
			shellPath = /bin/sh;
			shellScript = "\"${SRCROOT}/Pods/Target Support Files/Pods-GroupItTests/Pods-GroupItTests-resources.sh\"\n";
			showEnvVarsInLog = 0;
		};
		5D45B53FD7FA5E7268F71A3B /* [CP] Check Pods Manifest.lock */ = {
			isa = PBXShellScriptBuildPhase;
			buildActionMask = 2147483647;
			files = (
			);
			inputPaths = (
			);
			name = "[CP] Check Pods Manifest.lock";
			outputPaths = (
			);
			runOnlyForDeploymentPostprocessing = 0;
			shellPath = /bin/sh;
			shellScript = "diff \"${PODS_ROOT}/../Podfile.lock\" \"${PODS_ROOT}/Manifest.lock\" > /dev/null\nif [[ $? != 0 ]] ; then\n    cat << EOM\nerror: The sandbox is not in sync with the Podfile.lock. Run 'pod install' or update your CocoaPods installation.\nEOM\n    exit 1\nfi\n";
			showEnvVarsInLog = 0;
		};
		7B9F7A988F10773E584B8F49 /* [CP] Copy Pods Resources */ = {
			isa = PBXShellScriptBuildPhase;
			buildActionMask = 2147483647;
			files = (
			);
			inputPaths = (
			);
			name = "[CP] Copy Pods Resources";
			outputPaths = (
			);
			runOnlyForDeploymentPostprocessing = 0;
			shellPath = /bin/sh;
			shellScript = "\"${SRCROOT}/Pods/Target Support Files/Pods-GroupItUITests/Pods-GroupItUITests-resources.sh\"\n";
			showEnvVarsInLog = 0;
		};
		9033BD5F4EF623DC8B158953 /* [CP] Embed Pods Frameworks */ = {
			isa = PBXShellScriptBuildPhase;
			buildActionMask = 2147483647;
			files = (
			);
			inputPaths = (
			);
			name = "[CP] Embed Pods Frameworks";
			outputPaths = (
			);
			runOnlyForDeploymentPostprocessing = 0;
			shellPath = /bin/sh;
			shellScript = "\"${SRCROOT}/Pods/Target Support Files/Pods-GroupIt/Pods-GroupIt-frameworks.sh\"\n";
			showEnvVarsInLog = 0;
		};
		D439F43897176F586835DC68 /* [CP] Embed Pods Frameworks */ = {
			isa = PBXShellScriptBuildPhase;
			buildActionMask = 2147483647;
			files = (
			);
			inputPaths = (
			);
			name = "[CP] Embed Pods Frameworks";
			outputPaths = (
			);
			runOnlyForDeploymentPostprocessing = 0;
			shellPath = /bin/sh;
			shellScript = "\"${SRCROOT}/Pods/Target Support Files/Pods-GroupItTests/Pods-GroupItTests-frameworks.sh\"\n";
			showEnvVarsInLog = 0;
		};
/* End PBXShellScriptBuildPhase section */

/* Begin PBXSourcesBuildPhase section */
		7BA8B2E61D5C5A230015471D /* Sources */ = {
			isa = PBXSourcesBuildPhase;
			buildActionMask = 2147483647;
			files = (
				7BC1B4761D5FC986008DA8F8 /* ParseDAO.swift in Sources */,
				7B8CA2871D73EE7D007D3D1C /* GroupMembersViewController.swift in Sources */,
				7BC1B3F71D5D6DAA008DA8F8 /* LoginViewController.swift in Sources */,
				7BC1B4741D5FC630008DA8F8 /* Constants.swift in Sources */,
				7BB760AA1D691D0A00D0EFD3 /* ParseContext.swift in Sources */,
				053A67291D63F4140042465A /* GroupMapper.swift in Sources */,
				7BA8B2F01D5C5A230015471D /* ViewController.swift in Sources */,
				7BA8B2EE1D5C5A230015471D /* AppDelegate.swift in Sources */,
				7BC1B4091D5D6EE2008DA8F8 /* PollDetailsViewController.swift in Sources */,
				7BB760A01D643FB900D0EFD3 /* GroupDO.swift in Sources */,
				7BC1B47E1D5FEBCD008DA8F8 /* TodoCategoryDataUtil.swift in Sources */,
				7BC1B3E51D5D67D4008DA8F8 /* User.swift in Sources */,
				7BC1B4781D5FCD86008DA8F8 /* TodoCategoryMapper.swift in Sources */,
				7BC1B3FA1D5D6DC5008DA8F8 /* SignUpViewController.swift in Sources */,
				05773FA81D6D25DC00E27ACE /* UserDO.swift in Sources */,
				7BC1B4841D6084BA008DA8F8 /* TodoItemManager.swift in Sources */,
				7BC1B3F01D5D6870008DA8F8 /* ImageCategory.swift in Sources */,
				0524A0D61D62EAEE00B6E438 /* GroupsCell.swift in Sources */,
				7BC1B3EE1D5D685A008DA8F8 /* TodoCategory.swift in Sources */,
				7BC1B3FC1D5D6DE0008DA8F8 /* PasswordRecoveryViewController.swift in Sources */,
				053A67271D63F26A0042465A /* GroupManager.swift in Sources */,
				7BB760BC1D6DA91900D0EFD3 /* ImageItemMapper.swift in Sources */,
				7BC1B3FF1D5D6E25008DA8F8 /* GroupsViewController.swift in Sources */,
				7BC1B3E71D5D67E1008DA8F8 /* Group.swift in Sources */,
				7BC1B4051D5D6EAF008DA8F8 /* GroupDetailsViewController.swift in Sources */,
				7BC1B4111D5D6F65008DA8F8 /* ImageDetailsViewController.swift in Sources */,
				053A672B1D63F59C0042465A /* GroupDataUtil.swift in Sources */,
				7BB760B61D6CDACE00D0EFD3 /* ImageCell.swift in Sources */,
				7BCA33201D6E789C00AFAC67 /* ImageItemCreateViewController.swift in Sources */,
				05A9A7511D6FB5F1001F4029 /* CategoryDO.swift in Sources */,
				347382491D624BC10015545E /* GroupCategoriesViewController.swift in Sources */,
				7BB760B01D6A8E7100D0EFD3 /* GroupCreateViewController.swift in Sources */,
				7B8CA2911D742D8C007D3D1C /* GroupTabBarView.swift in Sources */,
				7BC1B4801D604A60008DA8F8 /* TodoItemMapper.swift in Sources */,
				7BC1B40E1D5D6F3D008DA8F8 /* TodoDetailsViewController.swift in Sources */,
				05773FA61D6D25AD00E27ACE /* UserManager.swift in Sources */,
				7BC1B3EC1D5D683E008DA8F8 /* PollCategory.swift in Sources */,
				7BB760B81D6CF99A00D0EFD3 /* ImageCategoryManager.swift in Sources */,
				7B8CA2891D73EF26007D3D1C /* GroupMemberCell.swift in Sources */,
				7BC1B4021D5D6E8B008DA8F8 /* GroupSetupViewController.swift in Sources */,
				7BC1B47A1D5FD861008DA8F8 /* TodoCategoryManager.swift in Sources */,
				05773FAA1D6D280100E27ACE /* UserMapper.swift in Sources */,
				7BB760AC1D69B41800D0EFD3 /* TodoItemCreateViewController.swift in Sources */,
				7B8CA2951D74B2A5007D3D1C /* GroupMemberManager.swift in Sources */,
				7BB760AE1D6A639400D0EFD3 /* CategoryCreateViewController.swift in Sources */,
				7BC1B3F21D5D68B8008DA8F8 /* Category.swift in Sources */,
				7BC1B48A1D614369008DA8F8 /* TodoItemCell.swift in Sources */,
				7B8CA2991D74B660007D3D1C /* GroupUserRelationMapper.swift in Sources */,
				7BC1B40B1D5D6EF6008DA8F8 /* PollSetupViewController.swift in Sources */,
				7BB760BE1D6DAAAA00D0EFD3 /* ImageItemDO.swift in Sources */,
				3419A5A11D63B6BD00508FF7 /* CategoryCell.swift in Sources */,
				7BB760BA1D6DA8FA00D0EFD3 /* ImageItemManager.swift in Sources */,
				7BB7609A1D643BE900D0EFD3 /* TodoItemDO.swift in Sources */,
				7B8CA2971D74B60A007D3D1C /* GroupUserRelationDO.swift in Sources */,
			);
			runOnlyForDeploymentPostprocessing = 0;
		};
		7BA8B2FA1D5C5A230015471D /* Sources */ = {
			isa = PBXSourcesBuildPhase;
			buildActionMask = 2147483647;
			files = (
				7BA8B3031D5C5A230015471D /* GroupItTests.swift in Sources */,
			);
			runOnlyForDeploymentPostprocessing = 0;
		};
		7BA8B3051D5C5A230015471D /* Sources */ = {
			isa = PBXSourcesBuildPhase;
			buildActionMask = 2147483647;
			files = (
				7BA8B30E1D5C5A240015471D /* GroupItUITests.swift in Sources */,
			);
			runOnlyForDeploymentPostprocessing = 0;
		};
/* End PBXSourcesBuildPhase section */

/* Begin PBXTargetDependency section */
		7BA8B3001D5C5A230015471D /* PBXTargetDependency */ = {
			isa = PBXTargetDependency;
			target = 7BA8B2E91D5C5A230015471D /* GroupIt */;
			targetProxy = 7BA8B2FF1D5C5A230015471D /* PBXContainerItemProxy */;
		};
		7BA8B30B1D5C5A240015471D /* PBXTargetDependency */ = {
			isa = PBXTargetDependency;
			target = 7BA8B2E91D5C5A230015471D /* GroupIt */;
			targetProxy = 7BA8B30A1D5C5A240015471D /* PBXContainerItemProxy */;
		};
/* End PBXTargetDependency section */

/* Begin PBXVariantGroup section */
		7BA8B2F11D5C5A230015471D /* Main.storyboard */ = {
			isa = PBXVariantGroup;
			children = (
				7BA8B2F21D5C5A230015471D /* Base */,
			);
			name = Main.storyboard;
			sourceTree = "<group>";
		};
		7BA8B2F61D5C5A230015471D /* LaunchScreen.storyboard */ = {
			isa = PBXVariantGroup;
			children = (
				7BA8B2F71D5C5A230015471D /* Base */,
			);
			name = LaunchScreen.storyboard;
			sourceTree = "<group>";
		};
/* End PBXVariantGroup section */

/* Begin XCBuildConfiguration section */
		7BA8B3101D5C5A240015471D /* Debug */ = {
			isa = XCBuildConfiguration;
			buildSettings = {
				ALWAYS_SEARCH_USER_PATHS = NO;
				CLANG_ANALYZER_NONNULL = YES;
				CLANG_CXX_LANGUAGE_STANDARD = "gnu++0x";
				CLANG_CXX_LIBRARY = "libc++";
				CLANG_ENABLE_MODULES = YES;
				CLANG_ENABLE_OBJC_ARC = YES;
				CLANG_WARN_BOOL_CONVERSION = YES;
				CLANG_WARN_CONSTANT_CONVERSION = YES;
				CLANG_WARN_DIRECT_OBJC_ISA_USAGE = YES_ERROR;
				CLANG_WARN_EMPTY_BODY = YES;
				CLANG_WARN_ENUM_CONVERSION = YES;
				CLANG_WARN_INT_CONVERSION = YES;
				CLANG_WARN_OBJC_ROOT_CLASS = YES_ERROR;
				CLANG_WARN_UNREACHABLE_CODE = YES;
				CLANG_WARN__DUPLICATE_METHOD_MATCH = YES;
				"CODE_SIGN_IDENTITY[sdk=iphoneos*]" = "iPhone Developer";
				COPY_PHASE_STRIP = NO;
				DEBUG_INFORMATION_FORMAT = dwarf;
				ENABLE_STRICT_OBJC_MSGSEND = YES;
				ENABLE_TESTABILITY = YES;
				GCC_C_LANGUAGE_STANDARD = gnu99;
				GCC_DYNAMIC_NO_PIC = NO;
				GCC_NO_COMMON_BLOCKS = YES;
				GCC_OPTIMIZATION_LEVEL = 0;
				GCC_PREPROCESSOR_DEFINITIONS = (
					"DEBUG=1",
					"$(inherited)",
				);
				GCC_WARN_64_TO_32_BIT_CONVERSION = YES;
				GCC_WARN_ABOUT_RETURN_TYPE = YES_ERROR;
				GCC_WARN_UNDECLARED_SELECTOR = YES;
				GCC_WARN_UNINITIALIZED_AUTOS = YES_AGGRESSIVE;
				GCC_WARN_UNUSED_FUNCTION = YES;
				GCC_WARN_UNUSED_VARIABLE = YES;
				IPHONEOS_DEPLOYMENT_TARGET = 9.3;
				MTL_ENABLE_DEBUG_INFO = YES;
				ONLY_ACTIVE_ARCH = YES;
				SDKROOT = iphoneos;
				SWIFT_OPTIMIZATION_LEVEL = "-Onone";
			};
			name = Debug;
		};
		7BA8B3111D5C5A240015471D /* Release */ = {
			isa = XCBuildConfiguration;
			buildSettings = {
				ALWAYS_SEARCH_USER_PATHS = NO;
				CLANG_ANALYZER_NONNULL = YES;
				CLANG_CXX_LANGUAGE_STANDARD = "gnu++0x";
				CLANG_CXX_LIBRARY = "libc++";
				CLANG_ENABLE_MODULES = YES;
				CLANG_ENABLE_OBJC_ARC = YES;
				CLANG_WARN_BOOL_CONVERSION = YES;
				CLANG_WARN_CONSTANT_CONVERSION = YES;
				CLANG_WARN_DIRECT_OBJC_ISA_USAGE = YES_ERROR;
				CLANG_WARN_EMPTY_BODY = YES;
				CLANG_WARN_ENUM_CONVERSION = YES;
				CLANG_WARN_INT_CONVERSION = YES;
				CLANG_WARN_OBJC_ROOT_CLASS = YES_ERROR;
				CLANG_WARN_UNREACHABLE_CODE = YES;
				CLANG_WARN__DUPLICATE_METHOD_MATCH = YES;
				"CODE_SIGN_IDENTITY[sdk=iphoneos*]" = "iPhone Developer";
				COPY_PHASE_STRIP = NO;
				DEBUG_INFORMATION_FORMAT = "dwarf-with-dsym";
				ENABLE_NS_ASSERTIONS = NO;
				ENABLE_STRICT_OBJC_MSGSEND = YES;
				GCC_C_LANGUAGE_STANDARD = gnu99;
				GCC_NO_COMMON_BLOCKS = YES;
				GCC_WARN_64_TO_32_BIT_CONVERSION = YES;
				GCC_WARN_ABOUT_RETURN_TYPE = YES_ERROR;
				GCC_WARN_UNDECLARED_SELECTOR = YES;
				GCC_WARN_UNINITIALIZED_AUTOS = YES_AGGRESSIVE;
				GCC_WARN_UNUSED_FUNCTION = YES;
				GCC_WARN_UNUSED_VARIABLE = YES;
				IPHONEOS_DEPLOYMENT_TARGET = 9.3;
				MTL_ENABLE_DEBUG_INFO = NO;
				SDKROOT = iphoneos;
				VALIDATE_PRODUCT = YES;
			};
			name = Release;
		};
		7BA8B3131D5C5A240015471D /* Debug */ = {
			isa = XCBuildConfiguration;
			baseConfigurationReference = 381A715E0EEF71F56A63154D /* Pods-GroupIt.debug.xcconfig */;
			buildSettings = {
				ASSETCATALOG_COMPILER_APPICON_NAME = AppIcon;
				CLANG_ENABLE_MODULES = YES;
				CODE_SIGN_IDENTITY = "iPhone Developer";
				"CODE_SIGN_IDENTITY[sdk=iphoneos*]" = "iPhone Developer";
				INFOPLIST_FILE = GroupIt/Info.plist;
				LD_RUNPATH_SEARCH_PATHS = "$(inherited) @executable_path/Frameworks";
				PRODUCT_BUNDLE_IDENTIFIER = com.ajasuja.GroupIt;
				PRODUCT_NAME = "$(TARGET_NAME)";
				PROVISIONING_PROFILE = "";
				SWIFT_OBJC_BRIDGING_HEADER = "GroupIt/GroupIt-Bridging-Header.h";
				SWIFT_OPTIMIZATION_LEVEL = "-Onone";
			};
			name = Debug;
		};
		7BA8B3141D5C5A240015471D /* Release */ = {
			isa = XCBuildConfiguration;
			baseConfigurationReference = D180F337EBD3A72360B72F11 /* Pods-GroupIt.release.xcconfig */;
			buildSettings = {
				ASSETCATALOG_COMPILER_APPICON_NAME = AppIcon;
				CLANG_ENABLE_MODULES = YES;
				CODE_SIGN_IDENTITY = "iPhone Developer";
				"CODE_SIGN_IDENTITY[sdk=iphoneos*]" = "iPhone Developer";
				INFOPLIST_FILE = GroupIt/Info.plist;
				LD_RUNPATH_SEARCH_PATHS = "$(inherited) @executable_path/Frameworks";
				PRODUCT_BUNDLE_IDENTIFIER = com.ajasuja.GroupIt;
				PRODUCT_NAME = "$(TARGET_NAME)";
				PROVISIONING_PROFILE = "";
				SWIFT_OBJC_BRIDGING_HEADER = "GroupIt/GroupIt-Bridging-Header.h";
			};
			name = Release;
		};
		7BA8B3161D5C5A240015471D /* Debug */ = {
			isa = XCBuildConfiguration;
			baseConfigurationReference = 289274919171848AF31D3931 /* Pods-GroupItTests.debug.xcconfig */;
			buildSettings = {
				BUNDLE_LOADER = "$(TEST_HOST)";
				INFOPLIST_FILE = GroupItTests/Info.plist;
				LD_RUNPATH_SEARCH_PATHS = "$(inherited) @executable_path/Frameworks @loader_path/Frameworks";
				PRODUCT_BUNDLE_IDENTIFIER = com.ios.group5.GroupItTests;
				PRODUCT_NAME = "$(TARGET_NAME)";
				TEST_HOST = "$(BUILT_PRODUCTS_DIR)/GroupIt.app/GroupIt";
			};
			name = Debug;
		};
		7BA8B3171D5C5A240015471D /* Release */ = {
			isa = XCBuildConfiguration;
			baseConfigurationReference = C8060AA8ADCE9D7820578EF4 /* Pods-GroupItTests.release.xcconfig */;
			buildSettings = {
				BUNDLE_LOADER = "$(TEST_HOST)";
				INFOPLIST_FILE = GroupItTests/Info.plist;
				LD_RUNPATH_SEARCH_PATHS = "$(inherited) @executable_path/Frameworks @loader_path/Frameworks";
				PRODUCT_BUNDLE_IDENTIFIER = com.ios.group5.GroupItTests;
				PRODUCT_NAME = "$(TARGET_NAME)";
				TEST_HOST = "$(BUILT_PRODUCTS_DIR)/GroupIt.app/GroupIt";
			};
			name = Release;
		};
		7BA8B3191D5C5A240015471D /* Debug */ = {
			isa = XCBuildConfiguration;
			baseConfigurationReference = 8C223E4FFA3DC87DC3096863 /* Pods-GroupItUITests.debug.xcconfig */;
			buildSettings = {
				INFOPLIST_FILE = GroupItUITests/Info.plist;
				LD_RUNPATH_SEARCH_PATHS = "$(inherited) @executable_path/Frameworks @loader_path/Frameworks";
				PRODUCT_BUNDLE_IDENTIFIER = com.ios.group5.GroupItUITests;
				PRODUCT_NAME = "$(TARGET_NAME)";
				TEST_TARGET_NAME = GroupIt;
			};
			name = Debug;
		};
		7BA8B31A1D5C5A240015471D /* Release */ = {
			isa = XCBuildConfiguration;
			baseConfigurationReference = C06FA4B4B98D05BBC6D8A873 /* Pods-GroupItUITests.release.xcconfig */;
			buildSettings = {
				INFOPLIST_FILE = GroupItUITests/Info.plist;
				LD_RUNPATH_SEARCH_PATHS = "$(inherited) @executable_path/Frameworks @loader_path/Frameworks";
				PRODUCT_BUNDLE_IDENTIFIER = com.ios.group5.GroupItUITests;
				PRODUCT_NAME = "$(TARGET_NAME)";
				TEST_TARGET_NAME = GroupIt;
			};
			name = Release;
		};
/* End XCBuildConfiguration section */

/* Begin XCConfigurationList section */
		7BA8B2E51D5C5A230015471D /* Build configuration list for PBXProject "GroupIt" */ = {
			isa = XCConfigurationList;
			buildConfigurations = (
				7BA8B3101D5C5A240015471D /* Debug */,
				7BA8B3111D5C5A240015471D /* Release */,
			);
			defaultConfigurationIsVisible = 0;
			defaultConfigurationName = Release;
		};
		7BA8B3121D5C5A240015471D /* Build configuration list for PBXNativeTarget "GroupIt" */ = {
			isa = XCConfigurationList;
			buildConfigurations = (
				7BA8B3131D5C5A240015471D /* Debug */,
				7BA8B3141D5C5A240015471D /* Release */,
			);
			defaultConfigurationIsVisible = 0;
			defaultConfigurationName = Release;
		};
		7BA8B3151D5C5A240015471D /* Build configuration list for PBXNativeTarget "GroupItTests" */ = {
			isa = XCConfigurationList;
			buildConfigurations = (
				7BA8B3161D5C5A240015471D /* Debug */,
				7BA8B3171D5C5A240015471D /* Release */,
			);
			defaultConfigurationIsVisible = 0;
			defaultConfigurationName = Release;
		};
		7BA8B3181D5C5A240015471D /* Build configuration list for PBXNativeTarget "GroupItUITests" */ = {
			isa = XCConfigurationList;
			buildConfigurations = (
				7BA8B3191D5C5A240015471D /* Debug */,
				7BA8B31A1D5C5A240015471D /* Release */,
			);
			defaultConfigurationIsVisible = 0;
			defaultConfigurationName = Release;
		};
/* End XCConfigurationList section */
	};
	rootObject = 7BA8B2E21D5C5A230015471D /* Project object */;
}
